// !$*UTF8*$!
{
	archiveVersion = 1;
	classes = {
	};
	objectVersion = 56;
	objects = {

/* Begin PBXBuildFile section */
		8733744F295C3295000EAC23 /* CheckContactError.swift in Sources */ = {isa = PBXBuildFile; fileRef = 8733744E295C3295000EAC23 /* CheckContactError.swift */; };
		8735C23E2991DC0D00B4F9CD /* UITextFieldExtensions.swift in Sources */ = {isa = PBXBuildFile; fileRef = 8735C23D2991DC0D00B4F9CD /* UITextFieldExtensions.swift */; };
		87C3EE1D295D5ABF00A76712 /* FindContact.swift in Sources */ = {isa = PBXBuildFile; fileRef = 87C3EE1C295D5ABF00A76712 /* FindContact.swift */; };
		87F5C8DE2988A9A20074A793 /* ValidateContact.swift in Sources */ = {isa = PBXBuildFile; fileRef = 87F5C8DD2988A9A20074A793 /* ValidateContact.swift */; };
		87F5C8E02988A9C50074A793 /* Enums.swift in Sources */ = {isa = PBXBuildFile; fileRef = 87F5C8DF2988A9C50074A793 /* Enums.swift */; };
		D91FBE572988A67B0091F104 /* AppDelegate.swift in Sources */ = {isa = PBXBuildFile; fileRef = D91FBE562988A67B0091F104 /* AppDelegate.swift */; };
		D91FBE592988A67B0091F104 /* SceneDelegate.swift in Sources */ = {isa = PBXBuildFile; fileRef = D91FBE582988A67B0091F104 /* SceneDelegate.swift */; };
		D91FBE5B2988A67B0091F104 /* ContactViewController.swift in Sources */ = {isa = PBXBuildFile; fileRef = D91FBE5A2988A67B0091F104 /* ContactViewController.swift */; };
		D91FBE5E2988A67B0091F104 /* Main.storyboard in Resources */ = {isa = PBXBuildFile; fileRef = D91FBE5C2988A67B0091F104 /* Main.storyboard */; };
		D91FBE602988A67B0091F104 /* Assets.xcassets in Resources */ = {isa = PBXBuildFile; fileRef = D91FBE5F2988A67B0091F104 /* Assets.xcassets */; };
		D91FBE632988A67B0091F104 /* LaunchScreen.storyboard in Resources */ = {isa = PBXBuildFile; fileRef = D91FBE612988A67B0091F104 /* LaunchScreen.storyboard */; };
		D91FBE682988AB3C0091F104 /* AddContact.swift in Sources */ = {isa = PBXBuildFile; fileRef = D9E15C02295C312C003FB06D /* AddContact.swift */; };
		D91FBE692988AB400091F104 /* CheckContactError.swift in Sources */ = {isa = PBXBuildFile; fileRef = 8733744E295C3295000EAC23 /* CheckContactError.swift */; };
		D91FBE6A2988AB430091F104 /* FindContact.swift in Sources */ = {isa = PBXBuildFile; fileRef = 87C3EE1C295D5ABF00A76712 /* FindContact.swift */; };
		D91FBE6B2988AB450091F104 /* ValidateContact.swift in Sources */ = {isa = PBXBuildFile; fileRef = 87F5C8DD2988A9A20074A793 /* ValidateContact.swift */; };
		D91FBE6C2988AB470091F104 /* Enums.swift in Sources */ = {isa = PBXBuildFile; fileRef = 87F5C8DF2988A9C50074A793 /* Enums.swift */; };
		D950729F29908BBB003E5579 /* AddContactViewController.swift in Sources */ = {isa = PBXBuildFile; fileRef = D950729E29908BBB003E5579 /* AddContactViewController.swift */; };
		D95FD5562988EEF300E66CEC /* DummyContactInfo.swift in Sources */ = {isa = PBXBuildFile; fileRef = D95FD5552988EEF300E66CEC /* DummyContactInfo.swift */; };
		D9D3AEFD29597A7B0031A2F2 /* main.swift in Sources */ = {isa = PBXBuildFile; fileRef = D9D3AEFC29597A7B0031A2F2 /* main.swift */; };
		D9E15C03295C312C003FB06D /* AddContact.swift in Sources */ = {isa = PBXBuildFile; fileRef = D9E15C02295C312C003FB06D /* AddContact.swift */; };
/* End PBXBuildFile section */

/* Begin PBXCopyFilesBuildPhase section */
		D9D3AEF729597A7B0031A2F2 /* CopyFiles */ = {
			isa = PBXCopyFilesBuildPhase;
			buildActionMask = 2147483647;
			dstPath = /usr/share/man/man1/;
			dstSubfolderSpec = 0;
			files = (
			);
			runOnlyForDeploymentPostprocessing = 1;
		};
/* End PBXCopyFilesBuildPhase section */

/* Begin PBXFileReference section */
		8733744E295C3295000EAC23 /* CheckContactError.swift */ = {isa = PBXFileReference; lastKnownFileType = sourcecode.swift; path = CheckContactError.swift; sourceTree = "<group>"; };
		8735C23D2991DC0D00B4F9CD /* UITextFieldExtensions.swift */ = {isa = PBXFileReference; lastKnownFileType = sourcecode.swift; path = UITextFieldExtensions.swift; sourceTree = "<group>"; };
		87C3EE1C295D5ABF00A76712 /* FindContact.swift */ = {isa = PBXFileReference; lastKnownFileType = sourcecode.swift; path = FindContact.swift; sourceTree = "<group>"; };
		87F5C8DD2988A9A20074A793 /* ValidateContact.swift */ = {isa = PBXFileReference; lastKnownFileType = sourcecode.swift; path = ValidateContact.swift; sourceTree = "<group>"; };
		87F5C8DF2988A9C50074A793 /* Enums.swift */ = {isa = PBXFileReference; lastKnownFileType = sourcecode.swift; path = Enums.swift; sourceTree = "<group>"; };
		D91FBE542988A67B0091F104 /* ContactManagerUI.app */ = {isa = PBXFileReference; explicitFileType = wrapper.application; includeInIndex = 0; path = ContactManagerUI.app; sourceTree = BUILT_PRODUCTS_DIR; };
		D91FBE562988A67B0091F104 /* AppDelegate.swift */ = {isa = PBXFileReference; lastKnownFileType = sourcecode.swift; path = AppDelegate.swift; sourceTree = "<group>"; };
		D91FBE582988A67B0091F104 /* SceneDelegate.swift */ = {isa = PBXFileReference; lastKnownFileType = sourcecode.swift; path = SceneDelegate.swift; sourceTree = "<group>"; };
		D91FBE5A2988A67B0091F104 /* ContactViewController.swift */ = {isa = PBXFileReference; lastKnownFileType = sourcecode.swift; path = ContactViewController.swift; sourceTree = "<group>"; };
		D91FBE5D2988A67B0091F104 /* Base */ = {isa = PBXFileReference; lastKnownFileType = file.storyboard; name = Base; path = Base.lproj/Main.storyboard; sourceTree = "<group>"; };
		D91FBE5F2988A67B0091F104 /* Assets.xcassets */ = {isa = PBXFileReference; lastKnownFileType = folder.assetcatalog; path = Assets.xcassets; sourceTree = "<group>"; };
		D91FBE622988A67B0091F104 /* Base */ = {isa = PBXFileReference; lastKnownFileType = file.storyboard; name = Base; path = Base.lproj/LaunchScreen.storyboard; sourceTree = "<group>"; };
		D91FBE642988A67B0091F104 /* Info.plist */ = {isa = PBXFileReference; lastKnownFileType = text.plist.xml; path = Info.plist; sourceTree = "<group>"; };
		D950729E29908BBB003E5579 /* AddContactViewController.swift */ = {isa = PBXFileReference; lastKnownFileType = sourcecode.swift; path = AddContactViewController.swift; sourceTree = "<group>"; };
		D95FD5552988EEF300E66CEC /* DummyContactInfo.swift */ = {isa = PBXFileReference; lastKnownFileType = sourcecode.swift; path = DummyContactInfo.swift; sourceTree = "<group>"; };
		D9D3AEF929597A7B0031A2F2 /* contactManager */ = {isa = PBXFileReference; explicitFileType = "compiled.mach-o.executable"; includeInIndex = 0; path = contactManager; sourceTree = BUILT_PRODUCTS_DIR; };
		D9D3AEFC29597A7B0031A2F2 /* main.swift */ = {isa = PBXFileReference; lastKnownFileType = sourcecode.swift; path = main.swift; sourceTree = "<group>"; };
		D9E15C02295C312C003FB06D /* AddContact.swift */ = {isa = PBXFileReference; lastKnownFileType = sourcecode.swift; path = AddContact.swift; sourceTree = "<group>"; };
/* End PBXFileReference section */

/* Begin PBXFrameworksBuildPhase section */
		D91FBE512988A67B0091F104 /* Frameworks */ = {
			isa = PBXFrameworksBuildPhase;
			buildActionMask = 2147483647;
			files = (
			);
			runOnlyForDeploymentPostprocessing = 0;
		};
		D9D3AEF629597A7B0031A2F2 /* Frameworks */ = {
			isa = PBXFrameworksBuildPhase;
			buildActionMask = 2147483647;
			files = (
			);
			runOnlyForDeploymentPostprocessing = 0;
		};
/* End PBXFrameworksBuildPhase section */

/* Begin PBXGroup section */
		D91A9C1929923E5800C66910 /* Resources */ = {
			isa = PBXGroup;
			children = (
				D91A9C1A29923E7E00C66910 /* Storyboards */,
				D91FBE562988A67B0091F104 /* AppDelegate.swift */,
				D91FBE582988A67B0091F104 /* SceneDelegate.swift */,
				D91FBE5F2988A67B0091F104 /* Assets.xcassets */,
				8735C23D2991DC0D00B4F9CD /* UITextFieldExtensions.swift */,
			);
			path = Resources;
			sourceTree = "<group>";
		};
		D91A9C1A29923E7E00C66910 /* Storyboards */ = {
			isa = PBXGroup;
			children = (
				D91FBE5C2988A67B0091F104 /* Main.storyboard */,
				D91FBE612988A67B0091F104 /* LaunchScreen.storyboard */,
			);
			path = Storyboards;
			sourceTree = "<group>";
		};
		D91A9C1B29923E9000C66910 /* Sources */ = {
			isa = PBXGroup;
			children = (
				D91A9C2029923ED300C66910 /* Models */,
				D91A9C1C29923E9A00C66910 /* ViewControllers */,
			);
			path = Sources;
			sourceTree = "<group>";
		};
		D91A9C1C29923E9A00C66910 /* ViewControllers */ = {
			isa = PBXGroup;
			children = (
				D91FBE5A2988A67B0091F104 /* ContactViewController.swift */,
				D950729E29908BBB003E5579 /* AddContactViewController.swift */,
			);
			path = ViewControllers;
			sourceTree = "<group>";
		};
		D91A9C2029923ED300C66910 /* Models */ = {
			isa = PBXGroup;
			children = (
				D95FD5552988EEF300E66CEC /* DummyContactInfo.swift */,
			);
			path = Models;
			sourceTree = "<group>";
		};
		D91FBE552988A67B0091F104 /* ContactManagerUI */ = {
			isa = PBXGroup;
			children = (
				D91A9C1B29923E9000C66910 /* Sources */,
				D91A9C1929923E5800C66910 /* Resources */,
				D91FBE642988A67B0091F104 /* Info.plist */,
			);
			path = ContactManagerUI;
			sourceTree = "<group>";
		};
		D9D3AEF029597A7B0031A2F2 = {
			isa = PBXGroup;
			children = (
				D9D3AEFB29597A7B0031A2F2 /* contactManager */,
				D91FBE552988A67B0091F104 /* ContactManagerUI */,
				D9D3AEFA29597A7B0031A2F2 /* Products */,
			);
			sourceTree = "<group>";
		};
		D9D3AEFA29597A7B0031A2F2 /* Products */ = {
			isa = PBXGroup;
			children = (
				D9D3AEF929597A7B0031A2F2 /* contactManager */,
				D91FBE542988A67B0091F104 /* ContactManagerUI.app */,
			);
			name = Products;
			sourceTree = "<group>";
		};
		D9D3AEFB29597A7B0031A2F2 /* contactManager */ = {
			isa = PBXGroup;
			children = (
				D9D3AEFC29597A7B0031A2F2 /* main.swift */,
				D9E15C02295C312C003FB06D /* AddContact.swift */,
				8733744E295C3295000EAC23 /* CheckContactError.swift */,
				87C3EE1C295D5ABF00A76712 /* FindContact.swift */,
				87F5C8DD2988A9A20074A793 /* ValidateContact.swift */,
				87F5C8DF2988A9C50074A793 /* Enums.swift */,
			);
			path = contactManager;
			sourceTree = "<group>";
		};
/* End PBXGroup section */

/* Begin PBXNativeTarget section */
		D91FBE532988A67B0091F104 /* ContactManagerUI */ = {
			isa = PBXNativeTarget;
			buildConfigurationList = D91FBE672988A67B0091F104 /* Build configuration list for PBXNativeTarget "ContactManagerUI" */;
			buildPhases = (
				D91FBE502988A67B0091F104 /* Sources */,
				D91FBE512988A67B0091F104 /* Frameworks */,
				D91FBE522988A67B0091F104 /* Resources */,
			);
			buildRules = (
			);
			dependencies = (
			);
			name = ContactManagerUI;
			productName = ContactManagerUI;
			productReference = D91FBE542988A67B0091F104 /* ContactManagerUI.app */;
			productType = "com.apple.product-type.application";
		};
		D9D3AEF829597A7B0031A2F2 /* contactManager */ = {
			isa = PBXNativeTarget;
			buildConfigurationList = D9D3AF0029597A7B0031A2F2 /* Build configuration list for PBXNativeTarget "contactManager" */;
			buildPhases = (
				D9D3AEF529597A7B0031A2F2 /* Sources */,
				D9D3AEF629597A7B0031A2F2 /* Frameworks */,
				D9D3AEF729597A7B0031A2F2 /* CopyFiles */,
			);
			buildRules = (
			);
			dependencies = (
			);
			name = contactManager;
			productName = contactManager;
			productReference = D9D3AEF929597A7B0031A2F2 /* contactManager */;
			productType = "com.apple.product-type.tool";
		};
/* End PBXNativeTarget section */

/* Begin PBXProject section */
		D9D3AEF129597A7B0031A2F2 /* Project object */ = {
			isa = PBXProject;
			attributes = {
				BuildIndependentTargetsInParallel = 1;
				LastSwiftUpdateCheck = 1420;
				LastUpgradeCheck = 1420;
				TargetAttributes = {
					D91FBE532988A67B0091F104 = {
						CreatedOnToolsVersion = 14.2;
					};
					D9D3AEF829597A7B0031A2F2 = {
						CreatedOnToolsVersion = 14.2;
					};
				};
			};
			buildConfigurationList = D9D3AEF429597A7B0031A2F2 /* Build configuration list for PBXProject "contactManager" */;
			compatibilityVersion = "Xcode 14.0";
			developmentRegion = en;
			hasScannedForEncodings = 0;
			knownRegions = (
				en,
				Base,
			);
			mainGroup = D9D3AEF029597A7B0031A2F2;
			productRefGroup = D9D3AEFA29597A7B0031A2F2 /* Products */;
			projectDirPath = "";
			projectRoot = "";
			targets = (
				D9D3AEF829597A7B0031A2F2 /* contactManager */,
				D91FBE532988A67B0091F104 /* ContactManagerUI */,
			);
		};
/* End PBXProject section */

/* Begin PBXResourcesBuildPhase section */
		D91FBE522988A67B0091F104 /* Resources */ = {
			isa = PBXResourcesBuildPhase;
			buildActionMask = 2147483647;
			files = (
				D91FBE632988A67B0091F104 /* LaunchScreen.storyboard in Resources */,
				D91FBE602988A67B0091F104 /* Assets.xcassets in Resources */,
				D91FBE5E2988A67B0091F104 /* Main.storyboard in Resources */,
			);
			runOnlyForDeploymentPostprocessing = 0;
		};
/* End PBXResourcesBuildPhase section */

/* Begin PBXSourcesBuildPhase section */
		D91FBE502988A67B0091F104 /* Sources */ = {
			isa = PBXSourcesBuildPhase;
			buildActionMask = 2147483647;
			files = (
				D91FBE682988AB3C0091F104 /* AddContact.swift in Sources */,
				D91FBE5B2988A67B0091F104 /* ContactViewController.swift in Sources */,
				D91FBE692988AB400091F104 /* CheckContactError.swift in Sources */,
				8735C23E2991DC0D00B4F9CD /* UITextFieldExtensions.swift in Sources */,
				D91FBE6A2988AB430091F104 /* FindContact.swift in Sources */,
				D91FBE6B2988AB450091F104 /* ValidateContact.swift in Sources */,
				D950729F29908BBB003E5579 /* AddContactViewController.swift in Sources */,
				D91FBE572988A67B0091F104 /* AppDelegate.swift in Sources */,
				D95FD5562988EEF300E66CEC /* DummyContactInfo.swift in Sources */,
				D91FBE6C2988AB470091F104 /* Enums.swift in Sources */,
				D91FBE592988A67B0091F104 /* SceneDelegate.swift in Sources */,
			);
			runOnlyForDeploymentPostprocessing = 0;
		};
		D9D3AEF529597A7B0031A2F2 /* Sources */ = {
			isa = PBXSourcesBuildPhase;
			buildActionMask = 2147483647;
			files = (
				87F5C8DE2988A9A20074A793 /* ValidateContact.swift in Sources */,
				D9E15C03295C312C003FB06D /* AddContact.swift in Sources */,
				D9D3AEFD29597A7B0031A2F2 /* main.swift in Sources */,
				8733744F295C3295000EAC23 /* CheckContactError.swift in Sources */,
				87F5C8E02988A9C50074A793 /* Enums.swift in Sources */,
				87C3EE1D295D5ABF00A76712 /* FindContact.swift in Sources */,
			);
			runOnlyForDeploymentPostprocessing = 0;
		};
/* End PBXSourcesBuildPhase section */

/* Begin PBXVariantGroup section */
		D91FBE5C2988A67B0091F104 /* Main.storyboard */ = {
			isa = PBXVariantGroup;
			children = (
				D91FBE5D2988A67B0091F104 /* Base */,
			);
			name = Main.storyboard;
			sourceTree = "<group>";
		};
		D91FBE612988A67B0091F104 /* LaunchScreen.storyboard */ = {
			isa = PBXVariantGroup;
			children = (
				D91FBE622988A67B0091F104 /* Base */,
			);
			name = LaunchScreen.storyboard;
			sourceTree = "<group>";
		};
/* End PBXVariantGroup section */

/* Begin XCBuildConfiguration section */
		D91FBE652988A67B0091F104 /* Debug */ = {
			isa = XCBuildConfiguration;
			buildSettings = {
				ASSETCATALOG_COMPILER_APPICON_NAME = AppIcon;
				ASSETCATALOG_COMPILER_GLOBAL_ACCENT_COLOR_NAME = AccentColor;
				CODE_SIGN_STYLE = Automatic;
				CURRENT_PROJECT_VERSION = 1;
				GENERATE_INFOPLIST_FILE = YES;
				INFOPLIST_FILE = ContactManagerUI/Info.plist;
				INFOPLIST_KEY_UIApplicationSupportsIndirectInputEvents = YES;
				INFOPLIST_KEY_UILaunchStoryboardName = LaunchScreen;
				INFOPLIST_KEY_UIMainStoryboardFile = Main;
				INFOPLIST_KEY_UISupportedInterfaceOrientations_iPad = "UIInterfaceOrientationPortrait UIInterfaceOrientationPortraitUpsideDown UIInterfaceOrientationLandscapeLeft UIInterfaceOrientationLandscapeRight";
				INFOPLIST_KEY_UISupportedInterfaceOrientations_iPhone = "UIInterfaceOrientationPortrait UIInterfaceOrientationLandscapeLeft UIInterfaceOrientationLandscapeRight";
				IPHONEOS_DEPLOYMENT_TARGET = 16.2;
				LD_RUNPATH_SEARCH_PATHS = (
					"$(inherited)",
					"@executable_path/Frameworks",
				);
				MARKETING_VERSION = 1.0;
				PRODUCT_BUNDLE_IDENTIFIER = com.lust3r.ContactManagerUI;
				PRODUCT_NAME = "$(TARGET_NAME)";
				SDKROOT = iphoneos;
				SWIFT_EMIT_LOC_STRINGS = YES;
				SWIFT_VERSION = 5.0;
				TARGETED_DEVICE_FAMILY = "1,2";
			};
			name = Debug;
		};
		D91FBE662988A67B0091F104 /* Release */ = {
			isa = XCBuildConfiguration;
			buildSettings = {
				ASSETCATALOG_COMPILER_APPICON_NAME = AppIcon;
				ASSETCATALOG_COMPILER_GLOBAL_ACCENT_COLOR_NAME = AccentColor;
				CODE_SIGN_STYLE = Automatic;
				CURRENT_PROJECT_VERSION = 1;
				GENERATE_INFOPLIST_FILE = YES;
				INFOPLIST_FILE = ContactManagerUI/Info.plist;
				INFOPLIST_KEY_UIApplicationSupportsIndirectInputEvents = YES;
				INFOPLIST_KEY_UILaunchStoryboardName = LaunchScreen;
				INFOPLIST_KEY_UIMainStoryboardFile = Main;
				INFOPLIST_KEY_UISupportedInterfaceOrientations_iPad = "UIInterfaceOrientationPortrait UIInterfaceOrientationPortraitUpsideDown UIInterfaceOrientationLandscapeLeft UIInterfaceOrientationLandscapeRight";
				INFOPLIST_KEY_UISupportedInterfaceOrientations_iPhone = "UIInterfaceOrientationPortrait UIInterfaceOrientationLandscapeLeft UIInterfaceOrientationLandscapeRight";
				IPHONEOS_DEPLOYMENT_TARGET = 16.2;
				LD_RUNPATH_SEARCH_PATHS = (
					"$(inherited)",
					"@executable_path/Frameworks",
				);
				MARKETING_VERSION = 1.0;
				PRODUCT_BUNDLE_IDENTIFIER = com.lust3r.ContactManagerUI;
				PRODUCT_NAME = "$(TARGET_NAME)";
				SDKROOT = iphoneos;
				SWIFT_EMIT_LOC_STRINGS = YES;
				SWIFT_VERSION = 5.0;
				TARGETED_DEVICE_FAMILY = "1,2";
				VALIDATE_PRODUCT = YES;
			};
			name = Release;
		};
		D9D3AEFE29597A7B0031A2F2 /* Debug */ = {
			isa = XCBuildConfiguration;
			buildSettings = {
				ALWAYS_SEARCH_USER_PATHS = NO;
				CLANG_ANALYZER_NONNULL = YES;
				CLANG_ANALYZER_NUMBER_OBJECT_CONVERSION = YES_AGGRESSIVE;
				CLANG_CXX_LANGUAGE_STANDARD = "gnu++20";
				CLANG_ENABLE_MODULES = YES;
				CLANG_ENABLE_OBJC_ARC = YES;
				CLANG_ENABLE_OBJC_WEAK = YES;
				CLANG_WARN_BLOCK_CAPTURE_AUTORELEASING = YES;
				CLANG_WARN_BOOL_CONVERSION = YES;
				CLANG_WARN_COMMA = YES;
				CLANG_WARN_CONSTANT_CONVERSION = YES;
				CLANG_WARN_DEPRECATED_OBJC_IMPLEMENTATIONS = YES;
				CLANG_WARN_DIRECT_OBJC_ISA_USAGE = YES_ERROR;
				CLANG_WARN_DOCUMENTATION_COMMENTS = YES;
				CLANG_WARN_EMPTY_BODY = YES;
				CLANG_WARN_ENUM_CONVERSION = YES;
				CLANG_WARN_INFINITE_RECURSION = YES;
				CLANG_WARN_INT_CONVERSION = YES;
				CLANG_WARN_NON_LITERAL_NULL_CONVERSION = YES;
				CLANG_WARN_OBJC_IMPLICIT_RETAIN_SELF = YES;
				CLANG_WARN_OBJC_LITERAL_CONVERSION = YES;
				CLANG_WARN_OBJC_ROOT_CLASS = YES_ERROR;
				CLANG_WARN_QUOTED_INCLUDE_IN_FRAMEWORK_HEADER = YES;
				CLANG_WARN_RANGE_LOOP_ANALYSIS = YES;
				CLANG_WARN_STRICT_PROTOTYPES = YES;
				CLANG_WARN_SUSPICIOUS_MOVE = YES;
				CLANG_WARN_UNGUARDED_AVAILABILITY = YES_AGGRESSIVE;
				CLANG_WARN_UNREACHABLE_CODE = YES;
				CLANG_WARN__DUPLICATE_METHOD_MATCH = YES;
				COPY_PHASE_STRIP = NO;
				DEBUG_INFORMATION_FORMAT = dwarf;
				ENABLE_STRICT_OBJC_MSGSEND = YES;
				ENABLE_TESTABILITY = YES;
				GCC_C_LANGUAGE_STANDARD = gnu11;
				GCC_DYNAMIC_NO_PIC = NO;
				GCC_NO_COMMON_BLOCKS = YES;
				GCC_OPTIMIZATION_LEVEL = 0;
				GCC_PREPROCESSOR_DEFINITIONS = (
					"DEBUG=1",
					"$(inherited)",
				);
				GCC_WARN_64_TO_32_BIT_CONVERSION = YES;
				GCC_WARN_ABOUT_RETURN_TYPE = YES_ERROR;
				GCC_WARN_UNDECLARED_SELECTOR = YES;
				GCC_WARN_UNINITIALIZED_AUTOS = YES_AGGRESSIVE;
				GCC_WARN_UNUSED_FUNCTION = YES;
				GCC_WARN_UNUSED_VARIABLE = YES;
				MACOSX_DEPLOYMENT_TARGET = 13.1;
				MTL_ENABLE_DEBUG_INFO = INCLUDE_SOURCE;
				MTL_FAST_MATH = YES;
				ONLY_ACTIVE_ARCH = YES;
				SDKROOT = macosx;
				SWIFT_ACTIVE_COMPILATION_CONDITIONS = DEBUG;
				SWIFT_OPTIMIZATION_LEVEL = "-Onone";
			};
			name = Debug;
		};
		D9D3AEFF29597A7B0031A2F2 /* Release */ = {
			isa = XCBuildConfiguration;
			buildSettings = {
				ALWAYS_SEARCH_USER_PATHS = NO;
				CLANG_ANALYZER_NONNULL = YES;
				CLANG_ANALYZER_NUMBER_OBJECT_CONVERSION = YES_AGGRESSIVE;
				CLANG_CXX_LANGUAGE_STANDARD = "gnu++20";
				CLANG_ENABLE_MODULES = YES;
				CLANG_ENABLE_OBJC_ARC = YES;
				CLANG_ENABLE_OBJC_WEAK = YES;
				CLANG_WARN_BLOCK_CAPTURE_AUTORELEASING = YES;
				CLANG_WARN_BOOL_CONVERSION = YES;
				CLANG_WARN_COMMA = YES;
				CLANG_WARN_CONSTANT_CONVERSION = YES;
				CLANG_WARN_DEPRECATED_OBJC_IMPLEMENTATIONS = YES;
				CLANG_WARN_DIRECT_OBJC_ISA_USAGE = YES_ERROR;
				CLANG_WARN_DOCUMENTATION_COMMENTS = YES;
				CLANG_WARN_EMPTY_BODY = YES;
				CLANG_WARN_ENUM_CONVERSION = YES;
				CLANG_WARN_INFINITE_RECURSION = YES;
				CLANG_WARN_INT_CONVERSION = YES;
				CLANG_WARN_NON_LITERAL_NULL_CONVERSION = YES;
				CLANG_WARN_OBJC_IMPLICIT_RETAIN_SELF = YES;
				CLANG_WARN_OBJC_LITERAL_CONVERSION = YES;
				CLANG_WARN_OBJC_ROOT_CLASS = YES_ERROR;
				CLANG_WARN_QUOTED_INCLUDE_IN_FRAMEWORK_HEADER = YES;
				CLANG_WARN_RANGE_LOOP_ANALYSIS = YES;
				CLANG_WARN_STRICT_PROTOTYPES = YES;
				CLANG_WARN_SUSPICIOUS_MOVE = YES;
				CLANG_WARN_UNGUARDED_AVAILABILITY = YES_AGGRESSIVE;
				CLANG_WARN_UNREACHABLE_CODE = YES;
				CLANG_WARN__DUPLICATE_METHOD_MATCH = YES;
				COPY_PHASE_STRIP = NO;
				DEBUG_INFORMATION_FORMAT = "dwarf-with-dsym";
				ENABLE_NS_ASSERTIONS = NO;
				ENABLE_STRICT_OBJC_MSGSEND = YES;
				GCC_C_LANGUAGE_STANDARD = gnu11;
				GCC_NO_COMMON_BLOCKS = YES;
				GCC_WARN_64_TO_32_BIT_CONVERSION = YES;
				GCC_WARN_ABOUT_RETURN_TYPE = YES_ERROR;
				GCC_WARN_UNDECLARED_SELECTOR = YES;
				GCC_WARN_UNINITIALIZED_AUTOS = YES_AGGRESSIVE;
				GCC_WARN_UNUSED_FUNCTION = YES;
				GCC_WARN_UNUSED_VARIABLE = YES;
				MACOSX_DEPLOYMENT_TARGET = 13.1;
				MTL_ENABLE_DEBUG_INFO = NO;
				MTL_FAST_MATH = YES;
				SDKROOT = macosx;
				SWIFT_COMPILATION_MODE = wholemodule;
				SWIFT_OPTIMIZATION_LEVEL = "-O";
			};
			name = Release;
		};
		D9D3AF0129597A7B0031A2F2 /* Debug */ = {
			isa = XCBuildConfiguration;
			buildSettings = {
				CODE_SIGN_STYLE = Automatic;
				MACOSX_DEPLOYMENT_TARGET = 13.0;
				PRODUCT_NAME = "$(TARGET_NAME)";
				SWIFT_VERSION = 5.0;
			};
			name = Debug;
		};
		D9D3AF0229597A7B0031A2F2 /* Release */ = {
			isa = XCBuildConfiguration;
			buildSettings = {
				CODE_SIGN_STYLE = Automatic;
				MACOSX_DEPLOYMENT_TARGET = 13.0;
				PRODUCT_NAME = "$(TARGET_NAME)";
				SWIFT_VERSION = 5.0;
			};
			name = Release;
		};
/* End XCBuildConfiguration section */

/* Begin XCConfigurationList section */
		D91FBE672988A67B0091F104 /* Build configuration list for PBXNativeTarget "ContactManagerUI" */ = {
			isa = XCConfigurationList;
			buildConfigurations = (
				D91FBE652988A67B0091F104 /* Debug */,
				D91FBE662988A67B0091F104 /* Release */,
			);
			defaultConfigurationIsVisible = 0;
			defaultConfigurationName = Release;
		};
		D9D3AEF429597A7B0031A2F2 /* Build configuration list for PBXProject "contactManager" */ = {
			isa = XCConfigurationList;
			buildConfigurations = (
				D9D3AEFE29597A7B0031A2F2 /* Debug */,
				D9D3AEFF29597A7B0031A2F2 /* Release */,
			);
			defaultConfigurationIsVisible = 0;
			defaultConfigurationName = Release;
		};
		D9D3AF0029597A7B0031A2F2 /* Build configuration list for PBXNativeTarget "contactManager" */ = {
			isa = XCConfigurationList;
			buildConfigurations = (
				D9D3AF0129597A7B0031A2F2 /* Debug */,
				D9D3AF0229597A7B0031A2F2 /* Release */,
			);
			defaultConfigurationIsVisible = 0;
			defaultConfigurationName = Release;
		};
/* End XCConfigurationList section */
	};
	rootObject = D9D3AEF129597A7B0031A2F2 /* Project object */;
}
