// !$*UTF8*$!
{
	archiveVersion = 1;
	classes = {
	};
	objectVersion = 56;
	objects = {

/* Begin PBXBuildFile section */
		1588512B2B4D011600B8ED22 /* Error.swift in Sources */ = {isa = PBXBuildFile; fileRef = 1588512A2B4D011600B8ED22 /* Error.swift */; };
		15A568542B464B1600A363DA /* ContactManager.swift in Sources */ = {isa = PBXBuildFile; fileRef = 15A568532B464B1600A363DA /* ContactManager.swift */; };
		15B092C62B54CABF00377F93 /* ContactCustomCell.swift in Sources */ = {isa = PBXBuildFile; fileRef = 15B092C52B54CABF00377F93 /* ContactCustomCell.swift */; };
		F3DF394E2B54D3B600087F00 /* AddedContactViewController.swift in Sources */ = {isa = PBXBuildFile; fileRef = F3DF394D2B54D3B600087F00 /* AddedContactViewController.swift */; };
		F3DF39762B58E43C00087F00 /* AddedViewNameSpace.swift in Sources */ = {isa = PBXBuildFile; fileRef = F3DF39752B58E43C00087F00 /* AddedViewNameSpace.swift */; };
		F3E325422B4CEBB3004AA7E0 /* Alert.swift in Sources */ = {isa = PBXBuildFile; fileRef = F3E325412B4CEBB3004AA7E0 /* Alert.swift */; };
		F3E9AF6B2B4643C50003FDBE /* AppDelegate.swift in Sources */ = {isa = PBXBuildFile; fileRef = F3E9AF6A2B4643C50003FDBE /* AppDelegate.swift */; };
		F3E9AF6D2B4643C50003FDBE /* SceneDelegate.swift in Sources */ = {isa = PBXBuildFile; fileRef = F3E9AF6C2B4643C50003FDBE /* SceneDelegate.swift */; };
		F3E9AF6F2B4643C50003FDBE /* ContactViewController.swift in Sources */ = {isa = PBXBuildFile; fileRef = F3E9AF6E2B4643C50003FDBE /* ContactViewController.swift */; };
		F3E9AF722B4643C50003FDBE /* Main.storyboard in Resources */ = {isa = PBXBuildFile; fileRef = F3E9AF702B4643C50003FDBE /* Main.storyboard */; };
		F3E9AF742B4643C80003FDBE /* Assets.xcassets in Resources */ = {isa = PBXBuildFile; fileRef = F3E9AF732B4643C80003FDBE /* Assets.xcassets */; };
		F3E9AF772B4643C80003FDBE /* LaunchScreen.storyboard in Resources */ = {isa = PBXBuildFile; fileRef = F3E9AF752B4643C80003FDBE /* LaunchScreen.storyboard */; };
		F3E9AF7F2B46459E0003FDBE /* Contact.swift in Sources */ = {isa = PBXBuildFile; fileRef = F3E9AF7E2B46459E0003FDBE /* Contact.swift */; };
/* End PBXBuildFile section */

/* Begin PBXFileReference section */
		1588512A2B4D011600B8ED22 /* Error.swift */ = {isa = PBXFileReference; lastKnownFileType = sourcecode.swift; path = Error.swift; sourceTree = "<group>"; };
		15A568532B464B1600A363DA /* ContactManager.swift */ = {isa = PBXFileReference; lastKnownFileType = sourcecode.swift; path = ContactManager.swift; sourceTree = "<group>"; };
		15B092C52B54CABF00377F93 /* ContactCustomCell.swift */ = {isa = PBXFileReference; lastKnownFileType = sourcecode.swift; path = ContactCustomCell.swift; sourceTree = "<group>"; };
		F3DF394D2B54D3B600087F00 /* AddedContactViewController.swift */ = {isa = PBXFileReference; lastKnownFileType = sourcecode.swift; name = AddedContactViewController.swift; path = ContactManager/ViewController/AddedContactViewController.swift; sourceTree = SOURCE_ROOT; };
		F3DF39752B58E43C00087F00 /* AddedViewNameSpace.swift */ = {isa = PBXFileReference; lastKnownFileType = sourcecode.swift; path = AddedViewNameSpace.swift; sourceTree = "<group>"; };
		F3E325412B4CEBB3004AA7E0 /* Alert.swift */ = {isa = PBXFileReference; lastKnownFileType = sourcecode.swift; path = Alert.swift; sourceTree = "<group>"; };
		F3E9AF672B4643C50003FDBE /* ContactManager.app */ = {isa = PBXFileReference; explicitFileType = wrapper.application; includeInIndex = 0; path = ContactManager.app; sourceTree = BUILT_PRODUCTS_DIR; };
		F3E9AF6A2B4643C50003FDBE /* AppDelegate.swift */ = {isa = PBXFileReference; lastKnownFileType = sourcecode.swift; path = AppDelegate.swift; sourceTree = "<group>"; };
		F3E9AF6C2B4643C50003FDBE /* SceneDelegate.swift */ = {isa = PBXFileReference; lastKnownFileType = sourcecode.swift; path = SceneDelegate.swift; sourceTree = "<group>"; };
		F3E9AF6E2B4643C50003FDBE /* ContactViewController.swift */ = {isa = PBXFileReference; lastKnownFileType = sourcecode.swift; path = ContactViewController.swift; sourceTree = "<group>"; };
		F3E9AF712B4643C50003FDBE /* Base */ = {isa = PBXFileReference; lastKnownFileType = file.storyboard; name = Base; path = Base.lproj/Main.storyboard; sourceTree = "<group>"; };
		F3E9AF732B4643C80003FDBE /* Assets.xcassets */ = {isa = PBXFileReference; lastKnownFileType = folder.assetcatalog; path = Assets.xcassets; sourceTree = "<group>"; };
		F3E9AF762B4643C80003FDBE /* Base */ = {isa = PBXFileReference; lastKnownFileType = file.storyboard; name = Base; path = Base.lproj/LaunchScreen.storyboard; sourceTree = "<group>"; };
		F3E9AF782B4643C80003FDBE /* Info.plist */ = {isa = PBXFileReference; lastKnownFileType = text.plist.xml; path = Info.plist; sourceTree = "<group>"; };
		F3E9AF7E2B46459E0003FDBE /* Contact.swift */ = {isa = PBXFileReference; lastKnownFileType = sourcecode.swift; path = Contact.swift; sourceTree = "<group>"; };
/* End PBXFileReference section */

/* Begin PBXFrameworksBuildPhase section */
		F3E9AF642B4643C50003FDBE /* Frameworks */ = {
			isa = PBXFrameworksBuildPhase;
			buildActionMask = 2147483647;
			files = (
			);
			runOnlyForDeploymentPostprocessing = 0;
		};
/* End PBXFrameworksBuildPhase section */

/* Begin PBXGroup section */
		F3DF39742B58E3D100087F00 /* NameSpace */ = {
			isa = PBXGroup;
			children = (
				F3DF39752B58E43C00087F00 /* AddedViewNameSpace.swift */,
			);
			path = NameSpace;
			sourceTree = "<group>";
		};
		F3E3251A2B47DED3004AA7E0 /* Model */ = {
			isa = PBXGroup;
			children = (
				F3E9AF7E2B46459E0003FDBE /* Contact.swift */,
				15A568532B464B1600A363DA /* ContactManager.swift */,
				1588512A2B4D011600B8ED22 /* Error.swift */,
			);
			path = Model;
			sourceTree = "<group>";
		};
		F3E3251B2B47DEF3004AA7E0 /* ViewController */ = {
			isa = PBXGroup;
			children = (
				F3DF394D2B54D3B600087F00 /* AddedContactViewController.swift */,
				F3E9AF6E2B4643C50003FDBE /* ContactViewController.swift */,
				F3E325412B4CEBB3004AA7E0 /* Alert.swift */,
				15B092C52B54CABF00377F93 /* ContactCustomCell.swift */,
			);
			path = ViewController;
			sourceTree = "<group>";
		};
		F3E3251C2B47DF29004AA7E0 /* View */ = {
			isa = PBXGroup;
			children = (
				F3E9AF702B4643C50003FDBE /* Main.storyboard */,
			);
			path = View;
			sourceTree = "<group>";
		};
		F3E9AF5E2B4643C50003FDBE = {
			isa = PBXGroup;
			children = (
				F3E9AF692B4643C50003FDBE /* ContactManager */,
				F3E9AF682B4643C50003FDBE /* Products */,
			);
			sourceTree = "<group>";
		};
		F3E9AF682B4643C50003FDBE /* Products */ = {
			isa = PBXGroup;
			children = (
				F3E9AF672B4643C50003FDBE /* ContactManager.app */,
			);
			name = Products;
			sourceTree = "<group>";
		};
		F3E9AF692B4643C50003FDBE /* ContactManager */ = {
			isa = PBXGroup;
			children = (
				F3E9AF6A2B4643C50003FDBE /* AppDelegate.swift */,
				F3E9AF6C2B4643C50003FDBE /* SceneDelegate.swift */,
				F3DF39742B58E3D100087F00 /* NameSpace */,
				F3E3251A2B47DED3004AA7E0 /* Model */,
				F3E3251B2B47DEF3004AA7E0 /* ViewController */,
				F3E3251C2B47DF29004AA7E0 /* View */,
				F3E9AF732B4643C80003FDBE /* Assets.xcassets */,
				F3E9AF752B4643C80003FDBE /* LaunchScreen.storyboard */,
				F3E9AF782B4643C80003FDBE /* Info.plist */,
			);
			path = ContactManager;
			sourceTree = "<group>";
		};
/* End PBXGroup section */

/* Begin PBXNativeTarget section */
		F3E9AF662B4643C50003FDBE /* ContactManager */ = {
			isa = PBXNativeTarget;
			buildConfigurationList = F3E9AF7B2B4643C80003FDBE /* Build configuration list for PBXNativeTarget "ContactManager" */;
			buildPhases = (
				F3E9AF632B4643C50003FDBE /* Sources */,
				F3E9AF642B4643C50003FDBE /* Frameworks */,
				F3E9AF652B4643C50003FDBE /* Resources */,
			);
			buildRules = (
			);
			dependencies = (
			);
			name = ContactManager;
			productName = ContactManager;
			productReference = F3E9AF672B4643C50003FDBE /* ContactManager.app */;
			productType = "com.apple.product-type.application";
		};
/* End PBXNativeTarget section */

/* Begin PBXProject section */
		F3E9AF5F2B4643C50003FDBE /* Project object */ = {
			isa = PBXProject;
			attributes = {
				BuildIndependentTargetsInParallel = 1;
				LastSwiftUpdateCheck = 1510;
				LastUpgradeCheck = 1510;
				TargetAttributes = {
					F3E9AF662B4643C50003FDBE = {
						CreatedOnToolsVersion = 15.1;
					};
				};
			};
			buildConfigurationList = F3E9AF622B4643C50003FDBE /* Build configuration list for PBXProject "ContactManager" */;
			compatibilityVersion = "Xcode 14.0";
			developmentRegion = en;
			hasScannedForEncodings = 0;
			knownRegions = (
				en,
				Base,
			);
			mainGroup = F3E9AF5E2B4643C50003FDBE;
			productRefGroup = F3E9AF682B4643C50003FDBE /* Products */;
			projectDirPath = "";
			projectRoot = "";
			targets = (
				F3E9AF662B4643C50003FDBE /* ContactManager */,
			);
		};
/* End PBXProject section */

/* Begin PBXResourcesBuildPhase section */
		F3E9AF652B4643C50003FDBE /* Resources */ = {
			isa = PBXResourcesBuildPhase;
			buildActionMask = 2147483647;
			files = (
				F3E9AF772B4643C80003FDBE /* LaunchScreen.storyboard in Resources */,
				F3E9AF742B4643C80003FDBE /* Assets.xcassets in Resources */,
				F3E9AF722B4643C50003FDBE /* Main.storyboard in Resources */,
			);
			runOnlyForDeploymentPostprocessing = 0;
		};
/* End PBXResourcesBuildPhase section */

/* Begin PBXSourcesBuildPhase section */
		F3E9AF632B4643C50003FDBE /* Sources */ = {
			isa = PBXSourcesBuildPhase;
			buildActionMask = 2147483647;
			files = (
				F3E325422B4CEBB3004AA7E0 /* Alert.swift in Sources */,
				F3DF394E2B54D3B600087F00 /* AddedContactViewController.swift in Sources */,
				15B092C62B54CABF00377F93 /* ContactCustomCell.swift in Sources */,
				15A568542B464B1600A363DA /* ContactManager.swift in Sources */,
				F3E9AF7F2B46459E0003FDBE /* Contact.swift in Sources */,
				F3E9AF6F2B4643C50003FDBE /* ContactViewController.swift in Sources */,
				F3E9AF6B2B4643C50003FDBE /* AppDelegate.swift in Sources */,
				1588512B2B4D011600B8ED22 /* Error.swift in Sources */,
				F3E9AF6D2B4643C50003FDBE /* SceneDelegate.swift in Sources */,
				F3DF39762B58E43C00087F00 /* AddedViewNameSpace.swift in Sources */,
			);
			runOnlyForDeploymentPostprocessing = 0;
		};
/* End PBXSourcesBuildPhase section */

/* Begin PBXVariantGroup section */
		F3E9AF702B4643C50003FDBE /* Main.storyboard */ = {
			isa = PBXVariantGroup;
			children = (
				F3E9AF712B4643C50003FDBE /* Base */,
			);
			name = Main.storyboard;
			sourceTree = "<group>";
		};
		F3E9AF752B4643C80003FDBE /* LaunchScreen.storyboard */ = {
			isa = PBXVariantGroup;
			children = (
				F3E9AF762B4643C80003FDBE /* Base */,
			);
			name = LaunchScreen.storyboard;
			sourceTree = "<group>";
		};
/* End PBXVariantGroup section */

/* Begin XCBuildConfiguration section */
		F3E9AF792B4643C80003FDBE /* Debug */ = {
			isa = XCBuildConfiguration;
			buildSettings = {
				ALWAYS_SEARCH_USER_PATHS = NO;
				ASSETCATALOG_COMPILER_GENERATE_SWIFT_ASSET_SYMBOL_EXTENSIONS = YES;
				CLANG_ANALYZER_NONNULL = YES;
				CLANG_ANALYZER_NUMBER_OBJECT_CONVERSION = YES_AGGRESSIVE;
				CLANG_CXX_LANGUAGE_STANDARD = "gnu++20";
				CLANG_ENABLE_MODULES = YES;
				CLANG_ENABLE_OBJC_ARC = YES;
				CLANG_ENABLE_OBJC_WEAK = YES;
				CLANG_WARN_BLOCK_CAPTURE_AUTORELEASING = YES;
				CLANG_WARN_BOOL_CONVERSION = YES;
				CLANG_WARN_COMMA = YES;
				CLANG_WARN_CONSTANT_CONVERSION = YES;
				CLANG_WARN_DEPRECATED_OBJC_IMPLEMENTATIONS = YES;
				CLANG_WARN_DIRECT_OBJC_ISA_USAGE = YES_ERROR;
				CLANG_WARN_DOCUMENTATION_COMMENTS = YES;
				CLANG_WARN_EMPTY_BODY = YES;
				CLANG_WARN_ENUM_CONVERSION = YES;
				CLANG_WARN_INFINITE_RECURSION = YES;
				CLANG_WARN_INT_CONVERSION = YES;
				CLANG_WARN_NON_LITERAL_NULL_CONVERSION = YES;
				CLANG_WARN_OBJC_IMPLICIT_RETAIN_SELF = YES;
				CLANG_WARN_OBJC_LITERAL_CONVERSION = YES;
				CLANG_WARN_OBJC_ROOT_CLASS = YES_ERROR;
				CLANG_WARN_QUOTED_INCLUDE_IN_FRAMEWORK_HEADER = YES;
				CLANG_WARN_RANGE_LOOP_ANALYSIS = YES;
				CLANG_WARN_STRICT_PROTOTYPES = YES;
				CLANG_WARN_SUSPICIOUS_MOVE = YES;
				CLANG_WARN_UNGUARDED_AVAILABILITY = YES_AGGRESSIVE;
				CLANG_WARN_UNREACHABLE_CODE = YES;
				CLANG_WARN__DUPLICATE_METHOD_MATCH = YES;
				COPY_PHASE_STRIP = NO;
				DEBUG_INFORMATION_FORMAT = dwarf;
				ENABLE_STRICT_OBJC_MSGSEND = YES;
				ENABLE_TESTABILITY = YES;
				ENABLE_USER_SCRIPT_SANDBOXING = YES;
				GCC_C_LANGUAGE_STANDARD = gnu17;
				GCC_DYNAMIC_NO_PIC = NO;
				GCC_NO_COMMON_BLOCKS = YES;
				GCC_OPTIMIZATION_LEVEL = 0;
				GCC_PREPROCESSOR_DEFINITIONS = (
					"DEBUG=1",
					"$(inherited)",
				);
				GCC_WARN_64_TO_32_BIT_CONVERSION = YES;
				GCC_WARN_ABOUT_RETURN_TYPE = YES_ERROR;
				GCC_WARN_UNDECLARED_SELECTOR = YES;
				GCC_WARN_UNINITIALIZED_AUTOS = YES_AGGRESSIVE;
				GCC_WARN_UNUSED_FUNCTION = YES;
				GCC_WARN_UNUSED_VARIABLE = YES;
				IPHONEOS_DEPLOYMENT_TARGET = 14.0;
				LOCALIZATION_PREFERS_STRING_CATALOGS = YES;
				MTL_ENABLE_DEBUG_INFO = INCLUDE_SOURCE;
				MTL_FAST_MATH = YES;
				ONLY_ACTIVE_ARCH = YES;
				SDKROOT = iphoneos;
				SWIFT_ACTIVE_COMPILATION_CONDITIONS = "DEBUG $(inherited)";
				SWIFT_OPTIMIZATION_LEVEL = "-Onone";
			};
			name = Debug;
		};
		F3E9AF7A2B4643C80003FDBE /* Release */ = {
			isa = XCBuildConfiguration;
			buildSettings = {
				ALWAYS_SEARCH_USER_PATHS = NO;
				ASSETCATALOG_COMPILER_GENERATE_SWIFT_ASSET_SYMBOL_EXTENSIONS = YES;
				CLANG_ANALYZER_NONNULL = YES;
				CLANG_ANALYZER_NUMBER_OBJECT_CONVERSION = YES_AGGRESSIVE;
				CLANG_CXX_LANGUAGE_STANDARD = "gnu++20";
				CLANG_ENABLE_MODULES = YES;
				CLANG_ENABLE_OBJC_ARC = YES;
				CLANG_ENABLE_OBJC_WEAK = YES;
				CLANG_WARN_BLOCK_CAPTURE_AUTORELEASING = YES;
				CLANG_WARN_BOOL_CONVERSION = YES;
				CLANG_WARN_COMMA = YES;
				CLANG_WARN_CONSTANT_CONVERSION = YES;
				CLANG_WARN_DEPRECATED_OBJC_IMPLEMENTATIONS = YES;
				CLANG_WARN_DIRECT_OBJC_ISA_USAGE = YES_ERROR;
				CLANG_WARN_DOCUMENTATION_COMMENTS = YES;
				CLANG_WARN_EMPTY_BODY = YES;
				CLANG_WARN_ENUM_CONVERSION = YES;
				CLANG_WARN_INFINITE_RECURSION = YES;
				CLANG_WARN_INT_CONVERSION = YES;
				CLANG_WARN_NON_LITERAL_NULL_CONVERSION = YES;
				CLANG_WARN_OBJC_IMPLICIT_RETAIN_SELF = YES;
				CLANG_WARN_OBJC_LITERAL_CONVERSION = YES;
				CLANG_WARN_OBJC_ROOT_CLASS = YES_ERROR;
				CLANG_WARN_QUOTED_INCLUDE_IN_FRAMEWORK_HEADER = YES;
				CLANG_WARN_RANGE_LOOP_ANALYSIS = YES;
				CLANG_WARN_STRICT_PROTOTYPES = YES;
				CLANG_WARN_SUSPICIOUS_MOVE = YES;
				CLANG_WARN_UNGUARDED_AVAILABILITY = YES_AGGRESSIVE;
				CLANG_WARN_UNREACHABLE_CODE = YES;
				CLANG_WARN__DUPLICATE_METHOD_MATCH = YES;
				COPY_PHASE_STRIP = NO;
				DEBUG_INFORMATION_FORMAT = "dwarf-with-dsym";
				ENABLE_NS_ASSERTIONS = NO;
				ENABLE_STRICT_OBJC_MSGSEND = YES;
				ENABLE_USER_SCRIPT_SANDBOXING = YES;
				GCC_C_LANGUAGE_STANDARD = gnu17;
				GCC_NO_COMMON_BLOCKS = YES;
				GCC_WARN_64_TO_32_BIT_CONVERSION = YES;
				GCC_WARN_ABOUT_RETURN_TYPE = YES_ERROR;
				GCC_WARN_UNDECLARED_SELECTOR = YES;
				GCC_WARN_UNINITIALIZED_AUTOS = YES_AGGRESSIVE;
				GCC_WARN_UNUSED_FUNCTION = YES;
				GCC_WARN_UNUSED_VARIABLE = YES;
				IPHONEOS_DEPLOYMENT_TARGET = 14.0;
				LOCALIZATION_PREFERS_STRING_CATALOGS = YES;
				MTL_ENABLE_DEBUG_INFO = NO;
				MTL_FAST_MATH = YES;
				SDKROOT = iphoneos;
				SWIFT_COMPILATION_MODE = wholemodule;
				VALIDATE_PRODUCT = YES;
			};
			name = Release;
		};
		F3E9AF7C2B4643C80003FDBE /* Debug */ = {
			isa = XCBuildConfiguration;
			buildSettings = {
				ASSETCATALOG_COMPILER_APPICON_NAME = AppIcon;
				ASSETCATALOG_COMPILER_GLOBAL_ACCENT_COLOR_NAME = AccentColor;
				CODE_SIGN_IDENTITY = "Apple Development";
				CODE_SIGN_STYLE = Automatic;
				CURRENT_PROJECT_VERSION = 1;
				DEVELOPMENT_TEAM = "";
				GENERATE_INFOPLIST_FILE = YES;
				INFOPLIST_FILE = ContactManager/Info.plist;
				INFOPLIST_KEY_UIApplicationSupportsIndirectInputEvents = YES;
				INFOPLIST_KEY_UILaunchStoryboardName = LaunchScreen;
				INFOPLIST_KEY_UIMainStoryboardFile = Main;
				INFOPLIST_KEY_UISupportedInterfaceOrientations_iPad = "UIInterfaceOrientationPortrait UIInterfaceOrientationPortraitUpsideDown UIInterfaceOrientationLandscapeLeft UIInterfaceOrientationLandscapeRight";
				INFOPLIST_KEY_UISupportedInterfaceOrientations_iPhone = "UIInterfaceOrientationPortrait UIInterfaceOrientationLandscapeLeft UIInterfaceOrientationLandscapeRight";
				LD_RUNPATH_SEARCH_PATHS = (
					"$(inherited)",
					"@executable_path/Frameworks",
				);
				MARKETING_VERSION = 1.0;
				PRODUCT_BUNDLE_IDENTIFIER = "jin-dev.ContactManager";
				PRODUCT_NAME = "$(TARGET_NAME)";
				PROVISIONING_PROFILE_SPECIFIER = "";
				SWIFT_EMIT_LOC_STRINGS = YES;
				SWIFT_VERSION = 5.0;
				TARGETED_DEVICE_FAMILY = "1,2";
			};
			name = Debug;
		};
		F3E9AF7D2B4643C80003FDBE /* Release */ = {
			isa = XCBuildConfiguration;
			buildSettings = {
				ASSETCATALOG_COMPILER_APPICON_NAME = AppIcon;
				ASSETCATALOG_COMPILER_GLOBAL_ACCENT_COLOR_NAME = AccentColor;
				CODE_SIGN_IDENTITY = "Apple Development";
				CODE_SIGN_STYLE = Automatic;
				CURRENT_PROJECT_VERSION = 1;
				DEVELOPMENT_TEAM = "";
				GENERATE_INFOPLIST_FILE = YES;
				INFOPLIST_FILE = ContactManager/Info.plist;
				INFOPLIST_KEY_UIApplicationSupportsIndirectInputEvents = YES;
				INFOPLIST_KEY_UILaunchStoryboardName = LaunchScreen;
				INFOPLIST_KEY_UIMainStoryboardFile = Main;
				INFOPLIST_KEY_UISupportedInterfaceOrientations_iPad = "UIInterfaceOrientationPortrait UIInterfaceOrientationPortraitUpsideDown UIInterfaceOrientationLandscapeLeft UIInterfaceOrientationLandscapeRight";
				INFOPLIST_KEY_UISupportedInterfaceOrientations_iPhone = "UIInterfaceOrientationPortrait UIInterfaceOrientationLandscapeLeft UIInterfaceOrientationLandscapeRight";
				LD_RUNPATH_SEARCH_PATHS = (
					"$(inherited)",
					"@executable_path/Frameworks",
				);
				MARKETING_VERSION = 1.0;
				PRODUCT_BUNDLE_IDENTIFIER = "jin-dev.ContactManager";
				PRODUCT_NAME = "$(TARGET_NAME)";
				PROVISIONING_PROFILE_SPECIFIER = "";
				SWIFT_EMIT_LOC_STRINGS = YES;
				SWIFT_VERSION = 5.0;
				TARGETED_DEVICE_FAMILY = "1,2";
			};
			name = Release;
		};
/* End XCBuildConfiguration section */

/* Begin XCConfigurationList section */
		F3E9AF622B4643C50003FDBE /* Build configuration list for PBXProject "ContactManager" */ = {
			isa = XCConfigurationList;
			buildConfigurations = (
				F3E9AF792B4643C80003FDBE /* Debug */,
				F3E9AF7A2B4643C80003FDBE /* Release */,
			);
			defaultConfigurationIsVisible = 0;
			defaultConfigurationName = Release;
		};
		F3E9AF7B2B4643C80003FDBE /* Build configuration list for PBXNativeTarget "ContactManager" */ = {
			isa = XCConfigurationList;
			buildConfigurations = (
				F3E9AF7C2B4643C80003FDBE /* Debug */,
				F3E9AF7D2B4643C80003FDBE /* Release */,
			);
			defaultConfigurationIsVisible = 0;
			defaultConfigurationName = Release;
		};
/* End XCConfigurationList section */
	};
	rootObject = F3E9AF5F2B4643C50003FDBE /* Project object */;
}
