// !$*UTF8*$!
{
	archiveVersion = 1;
	classes = {
	};
	objectVersion = 56;
	objects = {

/* Begin PBXBuildFile section */
		666502922AD65C550019A138 /* AddContactViewController.swift in Sources */ = {isa = PBXBuildFile; fileRef = 666502912AD65C550019A138 /* AddContactViewController.swift */; };
		66CD224C2ACF905E00BE35F7 /* AppDelegate.swift in Sources */ = {isa = PBXBuildFile; fileRef = 66CD224B2ACF905E00BE35F7 /* AppDelegate.swift */; };
		66CD224E2ACF905E00BE35F7 /* SceneDelegate.swift in Sources */ = {isa = PBXBuildFile; fileRef = 66CD224D2ACF905E00BE35F7 /* SceneDelegate.swift */; };
		66CD22502ACF905E00BE35F7 /* ContactManagerViewController.swift in Sources */ = {isa = PBXBuildFile; fileRef = 66CD224F2ACF905E00BE35F7 /* ContactManagerViewController.swift */; };
		66CD22532ACF905E00BE35F7 /* Main.storyboard in Resources */ = {isa = PBXBuildFile; fileRef = 66CD22512ACF905E00BE35F7 /* Main.storyboard */; };
		66CD22552ACF905F00BE35F7 /* Assets.xcassets in Resources */ = {isa = PBXBuildFile; fileRef = 66CD22542ACF905F00BE35F7 /* Assets.xcassets */; };
		66CD22582ACF905F00BE35F7 /* LaunchScreen.storyboard in Resources */ = {isa = PBXBuildFile; fileRef = 66CD22562ACF905F00BE35F7 /* LaunchScreen.storyboard */; };
		66CD22602ACFD14F00BE35F7 /* ContactTableViewCell.swift in Sources */ = {isa = PBXBuildFile; fileRef = 66CD225F2ACFD14F00BE35F7 /* ContactTableViewCell.swift */; };
		66E26F982AD92E6D005F9FBC /* AlertData.swift in Sources */ = {isa = PBXBuildFile; fileRef = 66E26F972AD92E6D005F9FBC /* AlertData.swift */; };
		D07AF2182ACFCAD700F7B1B8 /* Contact.swift in Sources */ = {isa = PBXBuildFile; fileRef = D07AF2172ACFCAD700F7B1B8 /* Contact.swift */; };
		D07AF2822AD62F0300F7B1B8 /* ContactManagerTests.swift in Sources */ = {isa = PBXBuildFile; fileRef = D07AF2812AD62F0300F7B1B8 /* ContactManagerTests.swift */; };
		D07AF2892AD6353500F7B1B8 /* ContactManager.swift in Sources */ = {isa = PBXBuildFile; fileRef = D07AF2882AD6353500F7B1B8 /* ContactManager.swift */; };
		D07AF28D2AD6819A00F7B1B8 /* ValidationError.swift in Sources */ = {isa = PBXBuildFile; fileRef = D07AF28C2AD6819A00F7B1B8 /* ValidationError.swift */; };
		D07AF2CF2AD8E04800F7B1B8 /* AlertViewController.swift in Sources */ = {isa = PBXBuildFile; fileRef = D07AF2CE2AD8E04800F7B1B8 /* AlertViewController.swift */; };
		D07AF2D22ADCC48500F7B1B8 /* FormatingPhone.swift in Sources */ = {isa = PBXBuildFile; fileRef = D07AF2D12ADCC48500F7B1B8 /* FormatingPhone.swift */; };
/* End PBXBuildFile section */

/* Begin PBXContainerItemProxy section */
		D07AF2832AD62F0300F7B1B8 /* PBXContainerItemProxy */ = {
			isa = PBXContainerItemProxy;
			containerPortal = 66CD22402ACF905E00BE35F7 /* Project object */;
			proxyType = 1;
			remoteGlobalIDString = 66CD22472ACF905E00BE35F7;
			remoteInfo = ContactManager;
		};
/* End PBXContainerItemProxy section */

/* Begin PBXFileReference section */
		666502912AD65C550019A138 /* AddContactViewController.swift */ = {isa = PBXFileReference; lastKnownFileType = sourcecode.swift; path = AddContactViewController.swift; sourceTree = "<group>"; };
		66CD22482ACF905E00BE35F7 /* ContactManager.app */ = {isa = PBXFileReference; explicitFileType = wrapper.application; includeInIndex = 0; path = ContactManager.app; sourceTree = BUILT_PRODUCTS_DIR; };
		66CD224B2ACF905E00BE35F7 /* AppDelegate.swift */ = {isa = PBXFileReference; lastKnownFileType = sourcecode.swift; path = AppDelegate.swift; sourceTree = "<group>"; };
		66CD224D2ACF905E00BE35F7 /* SceneDelegate.swift */ = {isa = PBXFileReference; lastKnownFileType = sourcecode.swift; path = SceneDelegate.swift; sourceTree = "<group>"; };
		66CD224F2ACF905E00BE35F7 /* ContactManagerViewController.swift */ = {isa = PBXFileReference; lastKnownFileType = sourcecode.swift; path = ContactManagerViewController.swift; sourceTree = "<group>"; };
		66CD22522ACF905E00BE35F7 /* Base */ = {isa = PBXFileReference; lastKnownFileType = file.storyboard; name = Base; path = Base.lproj/Main.storyboard; sourceTree = "<group>"; };
		66CD22542ACF905F00BE35F7 /* Assets.xcassets */ = {isa = PBXFileReference; lastKnownFileType = folder.assetcatalog; path = Assets.xcassets; sourceTree = "<group>"; };
		66CD22572ACF905F00BE35F7 /* Base */ = {isa = PBXFileReference; lastKnownFileType = file.storyboard; name = Base; path = Base.lproj/LaunchScreen.storyboard; sourceTree = "<group>"; };
		66CD22592ACF905F00BE35F7 /* Info.plist */ = {isa = PBXFileReference; lastKnownFileType = text.plist.xml; path = Info.plist; sourceTree = "<group>"; };
		66CD225F2ACFD14F00BE35F7 /* ContactTableViewCell.swift */ = {isa = PBXFileReference; lastKnownFileType = sourcecode.swift; path = ContactTableViewCell.swift; sourceTree = "<group>"; };
		66E26F972AD92E6D005F9FBC /* AlertData.swift */ = {isa = PBXFileReference; lastKnownFileType = sourcecode.swift; path = AlertData.swift; sourceTree = "<group>"; };
		D07AF2172ACFCAD700F7B1B8 /* Contact.swift */ = {isa = PBXFileReference; lastKnownFileType = sourcecode.swift; path = Contact.swift; sourceTree = "<group>"; };
		D07AF27F2AD62F0200F7B1B8 /* ContactManagerTests.xctest */ = {isa = PBXFileReference; explicitFileType = wrapper.cfbundle; includeInIndex = 0; path = ContactManagerTests.xctest; sourceTree = BUILT_PRODUCTS_DIR; };
		D07AF2812AD62F0300F7B1B8 /* ContactManagerTests.swift */ = {isa = PBXFileReference; lastKnownFileType = sourcecode.swift; path = ContactManagerTests.swift; sourceTree = "<group>"; };
		D07AF2882AD6353500F7B1B8 /* ContactManager.swift */ = {isa = PBXFileReference; lastKnownFileType = sourcecode.swift; path = ContactManager.swift; sourceTree = "<group>"; };
		D07AF28C2AD6819A00F7B1B8 /* ValidationError.swift */ = {isa = PBXFileReference; lastKnownFileType = sourcecode.swift; path = ValidationError.swift; sourceTree = "<group>"; };
		D07AF2CE2AD8E04800F7B1B8 /* AlertViewController.swift */ = {isa = PBXFileReference; lastKnownFileType = sourcecode.swift; path = AlertViewController.swift; sourceTree = "<group>"; };
		D07AF2D12ADCC48500F7B1B8 /* FormatingPhone.swift */ = {isa = PBXFileReference; lastKnownFileType = sourcecode.swift; path = FormatingPhone.swift; sourceTree = "<group>"; };
/* End PBXFileReference section */

/* Begin PBXFrameworksBuildPhase section */
		66CD22452ACF905E00BE35F7 /* Frameworks */ = {
			isa = PBXFrameworksBuildPhase;
			buildActionMask = 2147483647;
			files = (
			);
			runOnlyForDeploymentPostprocessing = 0;
		};
		D07AF27C2AD62F0200F7B1B8 /* Frameworks */ = {
			isa = PBXFrameworksBuildPhase;
			buildActionMask = 2147483647;
			files = (
			);
			runOnlyForDeploymentPostprocessing = 0;
		};
/* End PBXFrameworksBuildPhase section */

/* Begin PBXGroup section */
		66CD223F2ACF905E00BE35F7 = {
			isa = PBXGroup;
			children = (
				66CD224A2ACF905E00BE35F7 /* ContactManager */,
				D07AF2802AD62F0300F7B1B8 /* ContactManagerTests */,
				66CD22492ACF905E00BE35F7 /* Products */,
			);
			sourceTree = "<group>";
		};
		66CD22492ACF905E00BE35F7 /* Products */ = {
			isa = PBXGroup;
			children = (
				66CD22482ACF905E00BE35F7 /* ContactManager.app */,
				D07AF27F2AD62F0200F7B1B8 /* ContactManagerTests.xctest */,
			);
			name = Products;
			sourceTree = "<group>";
		};
		66CD224A2ACF905E00BE35F7 /* ContactManager */ = {
			isa = PBXGroup;
			children = (
				D07AF2D02ADCC42200F7B1B8 /* Utility */,
				66CD22622ACFDC2700BE35F7 /* Controller */,
				66CD22612ACFDC1B00BE35F7 /* Model */,
				66CD22632ACFDC3200BE35F7 /* View */,
				66CD224D2ACF905E00BE35F7 /* SceneDelegate.swift */,
				66CD224B2ACF905E00BE35F7 /* AppDelegate.swift */,
				66CD22542ACF905F00BE35F7 /* Assets.xcassets */,
				66CD22592ACF905F00BE35F7 /* Info.plist */,
			);
			path = ContactManager;
			sourceTree = "<group>";
		};
		66CD22612ACFDC1B00BE35F7 /* Model */ = {
			isa = PBXGroup;
			children = (
				66E26F972AD92E6D005F9FBC /* AlertData.swift */,
				D07AF2172ACFCAD700F7B1B8 /* Contact.swift */,
				D07AF2882AD6353500F7B1B8 /* ContactManager.swift */,
				D07AF28C2AD6819A00F7B1B8 /* ValidationError.swift */,
			);
			path = Model;
			sourceTree = "<group>";
		};
		66CD22622ACFDC2700BE35F7 /* Controller */ = {
			isa = PBXGroup;
			children = (
				66CD224F2ACF905E00BE35F7 /* ContactManagerViewController.swift */,
				666502912AD65C550019A138 /* AddContactViewController.swift */,
				66CD225F2ACFD14F00BE35F7 /* ContactTableViewCell.swift */,
				D07AF2CE2AD8E04800F7B1B8 /* AlertViewController.swift */,
			);
			path = Controller;
			sourceTree = "<group>";
		};
		66CD22632ACFDC3200BE35F7 /* View */ = {
			isa = PBXGroup;
			children = (
				66CD22512ACF905E00BE35F7 /* Main.storyboard */,
				66CD22562ACF905F00BE35F7 /* LaunchScreen.storyboard */,
			);
			path = View;
			sourceTree = "<group>";
		};
		D07AF2802AD62F0300F7B1B8 /* ContactManagerTests */ = {
			isa = PBXGroup;
			children = (
				D07AF2812AD62F0300F7B1B8 /* ContactManagerTests.swift */,
			);
			path = ContactManagerTests;
			sourceTree = "<group>";
		};
		D07AF2D02ADCC42200F7B1B8 /* Utility */ = {
			isa = PBXGroup;
			children = (
				D07AF2D12ADCC48500F7B1B8 /* FormatingPhone.swift */,
			);
			path = Utility;
			sourceTree = "<group>";
		};
/* End PBXGroup section */

/* Begin PBXNativeTarget section */
		66CD22472ACF905E00BE35F7 /* ContactManager */ = {
			isa = PBXNativeTarget;
			buildConfigurationList = 66CD225C2ACF905F00BE35F7 /* Build configuration list for PBXNativeTarget "ContactManager" */;
			buildPhases = (
				66CD22442ACF905E00BE35F7 /* Sources */,
				66CD22452ACF905E00BE35F7 /* Frameworks */,
				66CD22462ACF905E00BE35F7 /* Resources */,
			);
			buildRules = (
			);
			dependencies = (
			);
			name = ContactManager;
			productName = ContactManager;
			productReference = 66CD22482ACF905E00BE35F7 /* ContactManager.app */;
			productType = "com.apple.product-type.application";
		};
		D07AF27E2AD62F0200F7B1B8 /* ContactManagerTests */ = {
			isa = PBXNativeTarget;
			buildConfigurationList = D07AF2872AD62F0300F7B1B8 /* Build configuration list for PBXNativeTarget "ContactManagerTests" */;
			buildPhases = (
				D07AF27B2AD62F0200F7B1B8 /* Sources */,
				D07AF27C2AD62F0200F7B1B8 /* Frameworks */,
				D07AF27D2AD62F0200F7B1B8 /* Resources */,
			);
			buildRules = (
			);
			dependencies = (
				D07AF2842AD62F0300F7B1B8 /* PBXTargetDependency */,
			);
			name = ContactManagerTests;
			productName = ContactManagerTests;
			productReference = D07AF27F2AD62F0200F7B1B8 /* ContactManagerTests.xctest */;
			productType = "com.apple.product-type.bundle.unit-test";
		};
/* End PBXNativeTarget section */

/* Begin PBXProject section */
		66CD22402ACF905E00BE35F7 /* Project object */ = {
			isa = PBXProject;
			attributes = {
				BuildIndependentTargetsInParallel = 1;
				LastSwiftUpdateCheck = 1430;
				LastUpgradeCheck = 1500;
				TargetAttributes = {
					66CD22472ACF905E00BE35F7 = {
						CreatedOnToolsVersion = 15.0;
					};
					D07AF27E2AD62F0200F7B1B8 = {
						CreatedOnToolsVersion = 14.3.1;
						TestTargetID = 66CD22472ACF905E00BE35F7;
					};
				};
			};
			buildConfigurationList = 66CD22432ACF905E00BE35F7 /* Build configuration list for PBXProject "ContactManager" */;
			compatibilityVersion = "Xcode 14.0";
			developmentRegion = en;
			hasScannedForEncodings = 0;
			knownRegions = (
				en,
				Base,
			);
			mainGroup = 66CD223F2ACF905E00BE35F7;
			productRefGroup = 66CD22492ACF905E00BE35F7 /* Products */;
			projectDirPath = "";
			projectRoot = "";
			targets = (
				66CD22472ACF905E00BE35F7 /* ContactManager */,
				D07AF27E2AD62F0200F7B1B8 /* ContactManagerTests */,
			);
		};
/* End PBXProject section */

/* Begin PBXResourcesBuildPhase section */
		66CD22462ACF905E00BE35F7 /* Resources */ = {
			isa = PBXResourcesBuildPhase;
			buildActionMask = 2147483647;
			files = (
				66CD22582ACF905F00BE35F7 /* LaunchScreen.storyboard in Resources */,
				66CD22552ACF905F00BE35F7 /* Assets.xcassets in Resources */,
				66CD22532ACF905E00BE35F7 /* Main.storyboard in Resources */,
			);
			runOnlyForDeploymentPostprocessing = 0;
		};
		D07AF27D2AD62F0200F7B1B8 /* Resources */ = {
			isa = PBXResourcesBuildPhase;
			buildActionMask = 2147483647;
			files = (
			);
			runOnlyForDeploymentPostprocessing = 0;
		};
/* End PBXResourcesBuildPhase section */

/* Begin PBXSourcesBuildPhase section */
		66CD22442ACF905E00BE35F7 /* Sources */ = {
			isa = PBXSourcesBuildPhase;
			buildActionMask = 2147483647;
			files = (
				D07AF2182ACFCAD700F7B1B8 /* Contact.swift in Sources */,
				66CD22602ACFD14F00BE35F7 /* ContactTableViewCell.swift in Sources */,
				D07AF28D2AD6819A00F7B1B8 /* ValidationError.swift in Sources */,
				666502922AD65C550019A138 /* AddContactViewController.swift in Sources */,
				D07AF2CF2AD8E04800F7B1B8 /* AlertViewController.swift in Sources */,
				66CD22502ACF905E00BE35F7 /* ContactManagerViewController.swift in Sources */,
				66CD224C2ACF905E00BE35F7 /* AppDelegate.swift in Sources */,
				D07AF2892AD6353500F7B1B8 /* ContactManager.swift in Sources */,
				66E26F982AD92E6D005F9FBC /* AlertData.swift in Sources */,
				66CD224E2ACF905E00BE35F7 /* SceneDelegate.swift in Sources */,
				D07AF2D22ADCC48500F7B1B8 /* FormatingPhone.swift in Sources */,
			);
			runOnlyForDeploymentPostprocessing = 0;
		};
		D07AF27B2AD62F0200F7B1B8 /* Sources */ = {
			isa = PBXSourcesBuildPhase;
			buildActionMask = 2147483647;
			files = (
				D07AF2822AD62F0300F7B1B8 /* ContactManagerTests.swift in Sources */,
			);
			runOnlyForDeploymentPostprocessing = 0;
		};
/* End PBXSourcesBuildPhase section */

/* Begin PBXTargetDependency section */
		D07AF2842AD62F0300F7B1B8 /* PBXTargetDependency */ = {
			isa = PBXTargetDependency;
			target = 66CD22472ACF905E00BE35F7 /* ContactManager */;
			targetProxy = D07AF2832AD62F0300F7B1B8 /* PBXContainerItemProxy */;
		};
/* End PBXTargetDependency section */

/* Begin PBXVariantGroup section */
		66CD22512ACF905E00BE35F7 /* Main.storyboard */ = {
			isa = PBXVariantGroup;
			children = (
				66CD22522ACF905E00BE35F7 /* Base */,
			);
			name = Main.storyboard;
			sourceTree = "<group>";
		};
		66CD22562ACF905F00BE35F7 /* LaunchScreen.storyboard */ = {
			isa = PBXVariantGroup;
			children = (
				66CD22572ACF905F00BE35F7 /* Base */,
			);
			name = LaunchScreen.storyboard;
			sourceTree = "<group>";
		};
/* End PBXVariantGroup section */

/* Begin XCBuildConfiguration section */
		66CD225A2ACF905F00BE35F7 /* Debug */ = {
			isa = XCBuildConfiguration;
			buildSettings = {
				ALWAYS_SEARCH_USER_PATHS = NO;
				ASSETCATALOG_COMPILER_GENERATE_SWIFT_ASSET_SYMBOL_EXTENSIONS = YES;
				CLANG_ANALYZER_NONNULL = YES;
				CLANG_ANALYZER_NUMBER_OBJECT_CONVERSION = YES_AGGRESSIVE;
				CLANG_CXX_LANGUAGE_STANDARD = "gnu++20";
				CLANG_ENABLE_MODULES = YES;
				CLANG_ENABLE_OBJC_ARC = YES;
				CLANG_ENABLE_OBJC_WEAK = YES;
				CLANG_WARN_BLOCK_CAPTURE_AUTORELEASING = YES;
				CLANG_WARN_BOOL_CONVERSION = YES;
				CLANG_WARN_COMMA = YES;
				CLANG_WARN_CONSTANT_CONVERSION = YES;
				CLANG_WARN_DEPRECATED_OBJC_IMPLEMENTATIONS = YES;
				CLANG_WARN_DIRECT_OBJC_ISA_USAGE = YES_ERROR;
				CLANG_WARN_DOCUMENTATION_COMMENTS = YES;
				CLANG_WARN_EMPTY_BODY = YES;
				CLANG_WARN_ENUM_CONVERSION = YES;
				CLANG_WARN_INFINITE_RECURSION = YES;
				CLANG_WARN_INT_CONVERSION = YES;
				CLANG_WARN_NON_LITERAL_NULL_CONVERSION = YES;
				CLANG_WARN_OBJC_IMPLICIT_RETAIN_SELF = YES;
				CLANG_WARN_OBJC_LITERAL_CONVERSION = YES;
				CLANG_WARN_OBJC_ROOT_CLASS = YES_ERROR;
				CLANG_WARN_QUOTED_INCLUDE_IN_FRAMEWORK_HEADER = YES;
				CLANG_WARN_RANGE_LOOP_ANALYSIS = YES;
				CLANG_WARN_STRICT_PROTOTYPES = YES;
				CLANG_WARN_SUSPICIOUS_MOVE = YES;
				CLANG_WARN_UNGUARDED_AVAILABILITY = YES_AGGRESSIVE;
				CLANG_WARN_UNREACHABLE_CODE = YES;
				CLANG_WARN__DUPLICATE_METHOD_MATCH = YES;
				COPY_PHASE_STRIP = NO;
				DEBUG_INFORMATION_FORMAT = dwarf;
				ENABLE_STRICT_OBJC_MSGSEND = YES;
				ENABLE_TESTABILITY = YES;
				ENABLE_USER_SCRIPT_SANDBOXING = YES;
				GCC_C_LANGUAGE_STANDARD = gnu17;
				GCC_DYNAMIC_NO_PIC = NO;
				GCC_NO_COMMON_BLOCKS = YES;
				GCC_OPTIMIZATION_LEVEL = 0;
				GCC_PREPROCESSOR_DEFINITIONS = (
					"DEBUG=1",
					"$(inherited)",
				);
				GCC_WARN_64_TO_32_BIT_CONVERSION = YES;
				GCC_WARN_ABOUT_RETURN_TYPE = YES_ERROR;
				GCC_WARN_UNDECLARED_SELECTOR = YES;
				GCC_WARN_UNINITIALIZED_AUTOS = YES_AGGRESSIVE;
				GCC_WARN_UNUSED_FUNCTION = YES;
				GCC_WARN_UNUSED_VARIABLE = YES;
				IPHONEOS_DEPLOYMENT_TARGET = 17.0;
				LOCALIZATION_PREFERS_STRING_CATALOGS = YES;
				MTL_ENABLE_DEBUG_INFO = INCLUDE_SOURCE;
				MTL_FAST_MATH = YES;
				ONLY_ACTIVE_ARCH = YES;
				SDKROOT = iphoneos;
				SWIFT_ACTIVE_COMPILATION_CONDITIONS = "DEBUG $(inherited)";
				SWIFT_OPTIMIZATION_LEVEL = "-Onone";
			};
			name = Debug;
		};
		66CD225B2ACF905F00BE35F7 /* Release */ = {
			isa = XCBuildConfiguration;
			buildSettings = {
				ALWAYS_SEARCH_USER_PATHS = NO;
				ASSETCATALOG_COMPILER_GENERATE_SWIFT_ASSET_SYMBOL_EXTENSIONS = YES;
				CLANG_ANALYZER_NONNULL = YES;
				CLANG_ANALYZER_NUMBER_OBJECT_CONVERSION = YES_AGGRESSIVE;
				CLANG_CXX_LANGUAGE_STANDARD = "gnu++20";
				CLANG_ENABLE_MODULES = YES;
				CLANG_ENABLE_OBJC_ARC = YES;
				CLANG_ENABLE_OBJC_WEAK = YES;
				CLANG_WARN_BLOCK_CAPTURE_AUTORELEASING = YES;
				CLANG_WARN_BOOL_CONVERSION = YES;
				CLANG_WARN_COMMA = YES;
				CLANG_WARN_CONSTANT_CONVERSION = YES;
				CLANG_WARN_DEPRECATED_OBJC_IMPLEMENTATIONS = YES;
				CLANG_WARN_DIRECT_OBJC_ISA_USAGE = YES_ERROR;
				CLANG_WARN_DOCUMENTATION_COMMENTS = YES;
				CLANG_WARN_EMPTY_BODY = YES;
				CLANG_WARN_ENUM_CONVERSION = YES;
				CLANG_WARN_INFINITE_RECURSION = YES;
				CLANG_WARN_INT_CONVERSION = YES;
				CLANG_WARN_NON_LITERAL_NULL_CONVERSION = YES;
				CLANG_WARN_OBJC_IMPLICIT_RETAIN_SELF = YES;
				CLANG_WARN_OBJC_LITERAL_CONVERSION = YES;
				CLANG_WARN_OBJC_ROOT_CLASS = YES_ERROR;
				CLANG_WARN_QUOTED_INCLUDE_IN_FRAMEWORK_HEADER = YES;
				CLANG_WARN_RANGE_LOOP_ANALYSIS = YES;
				CLANG_WARN_STRICT_PROTOTYPES = YES;
				CLANG_WARN_SUSPICIOUS_MOVE = YES;
				CLANG_WARN_UNGUARDED_AVAILABILITY = YES_AGGRESSIVE;
				CLANG_WARN_UNREACHABLE_CODE = YES;
				CLANG_WARN__DUPLICATE_METHOD_MATCH = YES;
				COPY_PHASE_STRIP = NO;
				DEBUG_INFORMATION_FORMAT = "dwarf-with-dsym";
				ENABLE_NS_ASSERTIONS = NO;
				ENABLE_STRICT_OBJC_MSGSEND = YES;
				ENABLE_USER_SCRIPT_SANDBOXING = YES;
				GCC_C_LANGUAGE_STANDARD = gnu17;
				GCC_NO_COMMON_BLOCKS = YES;
				GCC_WARN_64_TO_32_BIT_CONVERSION = YES;
				GCC_WARN_ABOUT_RETURN_TYPE = YES_ERROR;
				GCC_WARN_UNDECLARED_SELECTOR = YES;
				GCC_WARN_UNINITIALIZED_AUTOS = YES_AGGRESSIVE;
				GCC_WARN_UNUSED_FUNCTION = YES;
				GCC_WARN_UNUSED_VARIABLE = YES;
				IPHONEOS_DEPLOYMENT_TARGET = 17.0;
				LOCALIZATION_PREFERS_STRING_CATALOGS = YES;
				MTL_ENABLE_DEBUG_INFO = NO;
				MTL_FAST_MATH = YES;
				SDKROOT = iphoneos;
				SWIFT_COMPILATION_MODE = wholemodule;
				VALIDATE_PRODUCT = YES;
			};
			name = Release;
		};
		66CD225D2ACF905F00BE35F7 /* Debug */ = {
			isa = XCBuildConfiguration;
			buildSettings = {
				ASSETCATALOG_COMPILER_APPICON_NAME = AppIcon;
				ASSETCATALOG_COMPILER_GLOBAL_ACCENT_COLOR_NAME = AccentColor;
				CODE_SIGN_STYLE = Automatic;
				CURRENT_PROJECT_VERSION = 1;
				GENERATE_INFOPLIST_FILE = YES;
				INFOPLIST_FILE = ContactManager/Info.plist;
				INFOPLIST_KEY_UIApplicationSupportsIndirectInputEvents = YES;
				INFOPLIST_KEY_UILaunchStoryboardName = LaunchScreen;
				INFOPLIST_KEY_UIMainStoryboardFile = Main;
				INFOPLIST_KEY_UISupportedInterfaceOrientations_iPad = "UIInterfaceOrientationPortrait UIInterfaceOrientationPortraitUpsideDown UIInterfaceOrientationLandscapeLeft UIInterfaceOrientationLandscapeRight";
				INFOPLIST_KEY_UISupportedInterfaceOrientations_iPhone = "UIInterfaceOrientationPortrait UIInterfaceOrientationLandscapeLeft UIInterfaceOrientationLandscapeRight";
				IPHONEOS_DEPLOYMENT_TARGET = 16.0;
				LD_RUNPATH_SEARCH_PATHS = (
					"$(inherited)",
					"@executable_path/Frameworks",
				);
				MARKETING_VERSION = 1.0;
				PRODUCT_BUNDLE_IDENTIFIER = yejun.ContactManager;
				PRODUCT_NAME = "$(TARGET_NAME)";
				SWIFT_EMIT_LOC_STRINGS = YES;
				SWIFT_VERSION = 5.0;
				TARGETED_DEVICE_FAMILY = "1,2";
			};
			name = Debug;
		};
		66CD225E2ACF905F00BE35F7 /* Release */ = {
			isa = XCBuildConfiguration;
			buildSettings = {
				ASSETCATALOG_COMPILER_APPICON_NAME = AppIcon;
				ASSETCATALOG_COMPILER_GLOBAL_ACCENT_COLOR_NAME = AccentColor;
				CODE_SIGN_STYLE = Automatic;
				CURRENT_PROJECT_VERSION = 1;
				GENERATE_INFOPLIST_FILE = YES;
				INFOPLIST_FILE = ContactManager/Info.plist;
				INFOPLIST_KEY_UIApplicationSupportsIndirectInputEvents = YES;
				INFOPLIST_KEY_UILaunchStoryboardName = LaunchScreen;
				INFOPLIST_KEY_UIMainStoryboardFile = Main;
				INFOPLIST_KEY_UISupportedInterfaceOrientations_iPad = "UIInterfaceOrientationPortrait UIInterfaceOrientationPortraitUpsideDown UIInterfaceOrientationLandscapeLeft UIInterfaceOrientationLandscapeRight";
				INFOPLIST_KEY_UISupportedInterfaceOrientations_iPhone = "UIInterfaceOrientationPortrait UIInterfaceOrientationLandscapeLeft UIInterfaceOrientationLandscapeRight";
				IPHONEOS_DEPLOYMENT_TARGET = 16.0;
				LD_RUNPATH_SEARCH_PATHS = (
					"$(inherited)",
					"@executable_path/Frameworks",
				);
				MARKETING_VERSION = 1.0;
				PRODUCT_BUNDLE_IDENTIFIER = yejun.ContactManager;
				PRODUCT_NAME = "$(TARGET_NAME)";
				SWIFT_EMIT_LOC_STRINGS = YES;
				SWIFT_VERSION = 5.0;
				TARGETED_DEVICE_FAMILY = "1,2";
			};
			name = Release;
		};
		D07AF2852AD62F0300F7B1B8 /* Debug */ = {
			isa = XCBuildConfiguration;
			buildSettings = {
				BUNDLE_LOADER = "$(TEST_HOST)";
				CODE_SIGN_STYLE = Automatic;
				CURRENT_PROJECT_VERSION = 1;
				DEVELOPMENT_TEAM = JPCDXBVSAH;
				GCC_C_LANGUAGE_STANDARD = gnu11;
				GENERATE_INFOPLIST_FILE = YES;
				IPHONEOS_DEPLOYMENT_TARGET = 16.4;
				MARKETING_VERSION = 1.0;
				PRODUCT_BUNDLE_IDENTIFIER = com.rarla.ContactManagerTests;
				PRODUCT_NAME = "$(TARGET_NAME)";
				SWIFT_ACTIVE_COMPILATION_CONDITIONS = DEBUG;
				SWIFT_EMIT_LOC_STRINGS = NO;
				SWIFT_VERSION = 5.0;
				TARGETED_DEVICE_FAMILY = "1,2";
				TEST_HOST = "$(BUILT_PRODUCTS_DIR)/ContactManager.app/$(BUNDLE_EXECUTABLE_FOLDER_PATH)/ContactManager";
			};
			name = Debug;
		};
		D07AF2862AD62F0300F7B1B8 /* Release */ = {
			isa = XCBuildConfiguration;
			buildSettings = {
				BUNDLE_LOADER = "$(TEST_HOST)";
				CODE_SIGN_STYLE = Automatic;
				CURRENT_PROJECT_VERSION = 1;
				DEVELOPMENT_TEAM = JPCDXBVSAH;
				GCC_C_LANGUAGE_STANDARD = gnu11;
				GENERATE_INFOPLIST_FILE = YES;
				IPHONEOS_DEPLOYMENT_TARGET = 16.4;
				MARKETING_VERSION = 1.0;
				PRODUCT_BUNDLE_IDENTIFIER = com.rarla.ContactManagerTests;
				PRODUCT_NAME = "$(TARGET_NAME)";
				SWIFT_EMIT_LOC_STRINGS = NO;
				SWIFT_OPTIMIZATION_LEVEL = "-O";
				SWIFT_VERSION = 5.0;
				TARGETED_DEVICE_FAMILY = "1,2";
				TEST_HOST = "$(BUILT_PRODUCTS_DIR)/ContactManager.app/$(BUNDLE_EXECUTABLE_FOLDER_PATH)/ContactManager";
			};
			name = Release;
		};
/* End XCBuildConfiguration section */

/* Begin XCConfigurationList section */
		66CD22432ACF905E00BE35F7 /* Build configuration list for PBXProject "ContactManager" */ = {
			isa = XCConfigurationList;
			buildConfigurations = (
				66CD225A2ACF905F00BE35F7 /* Debug */,
				66CD225B2ACF905F00BE35F7 /* Release */,
			);
			defaultConfigurationIsVisible = 0;
			defaultConfigurationName = Release;
		};
		66CD225C2ACF905F00BE35F7 /* Build configuration list for PBXNativeTarget "ContactManager" */ = {
			isa = XCConfigurationList;
			buildConfigurations = (
				66CD225D2ACF905F00BE35F7 /* Debug */,
				66CD225E2ACF905F00BE35F7 /* Release */,
			);
			defaultConfigurationIsVisible = 0;
			defaultConfigurationName = Release;
		};
		D07AF2872AD62F0300F7B1B8 /* Build configuration list for PBXNativeTarget "ContactManagerTests" */ = {
			isa = XCConfigurationList;
			buildConfigurations = (
				D07AF2852AD62F0300F7B1B8 /* Debug */,
				D07AF2862AD62F0300F7B1B8 /* Release */,
			);
			defaultConfigurationIsVisible = 0;
			defaultConfigurationName = Release;
		};
/* End XCConfigurationList section */
	};
	rootObject = 66CD22402ACF905E00BE35F7 /* Project object */;
}
