// !$*UTF8*$!
{
	archiveVersion = 1;
	classes = {
	};
	objectVersion = 56;
	objects = {

/* Begin PBXBuildFile section */
		083425132B51260500EE3C40 /* NotifyContactInfoChange.swift in Sources */ = {isa = PBXBuildFile; fileRef = 083425122B51260500EE3C40 /* NotifyContactInfoChange.swift */; };
		083CC5022B55245E00619E89 /* ViewController+Extension.swift in Sources */ = {isa = PBXBuildFile; fileRef = 083CC5012B55245D00619E89 /* ViewController+Extension.swift */; };
		085616962B58BCF90027C597 /* PhoneBookCoordinator.swift in Sources */ = {isa = PBXBuildFile; fileRef = 085616952B58BCF90027C597 /* PhoneBookCoordinator.swift */; };
		086C4A1A2B56467C00D1276E /* MainCoordinator.swift in Sources */ = {isa = PBXBuildFile; fileRef = 086C4A192B56467C00D1276E /* MainCoordinator.swift */; };
		08D566512B43E8E900E75000 /* User.swift in Sources */ = {isa = PBXBuildFile; fileRef = 08D566502B43E8E900E75000 /* User.swift */; };
		08D566552B43ED3900E75000 /* PhoneBook.swift in Sources */ = {isa = PBXBuildFile; fileRef = 08D566542B43ED3900E75000 /* PhoneBook.swift */; };
		08E3AB932B43BB620083012B /* AppDelegate.swift in Sources */ = {isa = PBXBuildFile; fileRef = 08E3AB922B43BB620083012B /* AppDelegate.swift */; };
		08E3AB952B43BB620083012B /* SceneDelegate.swift in Sources */ = {isa = PBXBuildFile; fileRef = 08E3AB942B43BB620083012B /* SceneDelegate.swift */; };
		08E3AB972B43BB620083012B /* PhoneBookViewController.swift in Sources */ = {isa = PBXBuildFile; fileRef = 08E3AB962B43BB620083012B /* PhoneBookViewController.swift */; };
		08E3AB9C2B43BB650083012B /* Assets.xcassets in Resources */ = {isa = PBXBuildFile; fileRef = 08E3AB9B2B43BB650083012B /* Assets.xcassets */; };
		08E3AB9F2B43BB650083012B /* LaunchScreen.storyboard in Resources */ = {isa = PBXBuildFile; fileRef = 08E3AB9D2B43BB650083012B /* LaunchScreen.storyboard */; };
		89566E522B43FAF70085E2CF /* PhoneBookTableViewCell.swift in Sources */ = {isa = PBXBuildFile; fileRef = 89566E502B43FAF70085E2CF /* PhoneBookTableViewCell.swift */; };
		89566E532B43FAF70085E2CF /* PhoneBookTableViewCell.xib in Resources */ = {isa = PBXBuildFile; fileRef = 89566E512B43FAF70085E2CF /* PhoneBookTableViewCell.xib */; };
		89566E552B4516F20085E2CF /* HeaderView.xib in Resources */ = {isa = PBXBuildFile; fileRef = 89566E542B4516F20085E2CF /* HeaderView.xib */; };
		89566E572B4519000085E2CF /* HeaderView.swift in Sources */ = {isa = PBXBuildFile; fileRef = 89566E562B4519000085E2CF /* HeaderView.swift */; };
		89D579A22B4E290500FC31A1 /* RegisterViewController.storyboard in Resources */ = {isa = PBXBuildFile; fileRef = 89D579A12B4E290500FC31A1 /* RegisterViewController.storyboard */; };
		89D579A42B4E291700FC31A1 /* RegisterViewController.swift in Sources */ = {isa = PBXBuildFile; fileRef = 89D579A32B4E291700FC31A1 /* RegisterViewController.swift */; };
/* End PBXBuildFile section */

/* Begin PBXFileReference section */
		083425122B51260500EE3C40 /* NotifyContactInfoChange.swift */ = {isa = PBXFileReference; lastKnownFileType = sourcecode.swift; path = NotifyContactInfoChange.swift; sourceTree = "<group>"; };
		083CC5012B55245D00619E89 /* ViewController+Extension.swift */ = {isa = PBXFileReference; lastKnownFileType = sourcecode.swift; path = "ViewController+Extension.swift"; sourceTree = "<group>"; };
		085616952B58BCF90027C597 /* PhoneBookCoordinator.swift */ = {isa = PBXFileReference; lastKnownFileType = sourcecode.swift; path = PhoneBookCoordinator.swift; sourceTree = "<group>"; };
		086C4A192B56467C00D1276E /* MainCoordinator.swift */ = {isa = PBXFileReference; lastKnownFileType = sourcecode.swift; path = MainCoordinator.swift; sourceTree = "<group>"; };
		08D566502B43E8E900E75000 /* User.swift */ = {isa = PBXFileReference; lastKnownFileType = sourcecode.swift; path = User.swift; sourceTree = "<group>"; };
		08D566542B43ED3900E75000 /* PhoneBook.swift */ = {isa = PBXFileReference; lastKnownFileType = sourcecode.swift; path = PhoneBook.swift; sourceTree = "<group>"; };
		08E3AB8F2B43BB620083012B /* ios-contact-manager-ui.app */ = {isa = PBXFileReference; explicitFileType = wrapper.application; includeInIndex = 0; path = "ios-contact-manager-ui.app"; sourceTree = BUILT_PRODUCTS_DIR; };
		08E3AB922B43BB620083012B /* AppDelegate.swift */ = {isa = PBXFileReference; lastKnownFileType = sourcecode.swift; path = AppDelegate.swift; sourceTree = "<group>"; };
		08E3AB942B43BB620083012B /* SceneDelegate.swift */ = {isa = PBXFileReference; lastKnownFileType = sourcecode.swift; path = SceneDelegate.swift; sourceTree = "<group>"; };
		08E3AB962B43BB620083012B /* PhoneBookViewController.swift */ = {isa = PBXFileReference; lastKnownFileType = sourcecode.swift; path = PhoneBookViewController.swift; sourceTree = "<group>"; };
		08E3AB9B2B43BB650083012B /* Assets.xcassets */ = {isa = PBXFileReference; lastKnownFileType = folder.assetcatalog; path = Assets.xcassets; sourceTree = "<group>"; };
		08E3AB9E2B43BB650083012B /* Base */ = {isa = PBXFileReference; lastKnownFileType = file.storyboard; name = Base; path = Base.lproj/LaunchScreen.storyboard; sourceTree = "<group>"; };
		08E3ABA02B43BB650083012B /* Info.plist */ = {isa = PBXFileReference; lastKnownFileType = text.plist.xml; path = Info.plist; sourceTree = "<group>"; };
		89566E502B43FAF70085E2CF /* PhoneBookTableViewCell.swift */ = {isa = PBXFileReference; lastKnownFileType = sourcecode.swift; path = PhoneBookTableViewCell.swift; sourceTree = "<group>"; };
		89566E512B43FAF70085E2CF /* PhoneBookTableViewCell.xib */ = {isa = PBXFileReference; lastKnownFileType = file.xib; path = PhoneBookTableViewCell.xib; sourceTree = "<group>"; };
		89566E542B4516F20085E2CF /* HeaderView.xib */ = {isa = PBXFileReference; lastKnownFileType = file.xib; path = HeaderView.xib; sourceTree = "<group>"; };
		89566E562B4519000085E2CF /* HeaderView.swift */ = {isa = PBXFileReference; lastKnownFileType = sourcecode.swift; path = HeaderView.swift; sourceTree = "<group>"; };
		89D579A12B4E290500FC31A1 /* RegisterViewController.storyboard */ = {isa = PBXFileReference; lastKnownFileType = file.storyboard; path = RegisterViewController.storyboard; sourceTree = "<group>"; };
		89D579A32B4E291700FC31A1 /* RegisterViewController.swift */ = {isa = PBXFileReference; lastKnownFileType = sourcecode.swift; path = RegisterViewController.swift; sourceTree = "<group>"; };
/* End PBXFileReference section */

/* Begin PBXFrameworksBuildPhase section */
		08E3AB8C2B43BB620083012B /* Frameworks */ = {
			isa = PBXFrameworksBuildPhase;
			buildActionMask = 2147483647;
			files = (
			);
			runOnlyForDeploymentPostprocessing = 0;
		};
/* End PBXFrameworksBuildPhase section */

/* Begin PBXGroup section */
		08D5664C2B43E87600E75000 /* App */ = {
			isa = PBXGroup;
			children = (
				08E3AB922B43BB620083012B /* AppDelegate.swift */,
				08E3AB942B43BB620083012B /* SceneDelegate.swift */,
				08E3AB9D2B43BB650083012B /* LaunchScreen.storyboard */,
				086C4A192B56467C00D1276E /* MainCoordinator.swift */,
				085616952B58BCF90027C597 /* PhoneBookCoordinator.swift */,
			);
			path = App;
			sourceTree = "<group>";
		};
		08D5664D2B43E89000E75000 /* ViewController */ = {
			isa = PBXGroup;
			children = (
				89D579A12B4E290500FC31A1 /* RegisterViewController.storyboard */,
				89D579A32B4E291700FC31A1 /* RegisterViewController.swift */,
				08E3AB962B43BB620083012B /* PhoneBookViewController.swift */,
				083CC5012B55245D00619E89 /* ViewController+Extension.swift */,
			);
			path = ViewController;
			sourceTree = "<group>";
		};
		08D5664E2B43E8A200E75000 /* View */ = {
			isa = PBXGroup;
			children = (
				89566E542B4516F20085E2CF /* HeaderView.xib */,
				89566E562B4519000085E2CF /* HeaderView.swift */,
				89566E512B43FAF70085E2CF /* PhoneBookTableViewCell.xib */,
				89566E502B43FAF70085E2CF /* PhoneBookTableViewCell.swift */,
			);
			path = View;
			sourceTree = "<group>";
		};
		08D5664F2B43E8AE00E75000 /* Model */ = {
			isa = PBXGroup;
			children = (
				08D566502B43E8E900E75000 /* User.swift */,
				08D566542B43ED3900E75000 /* PhoneBook.swift */,
				083425122B51260500EE3C40 /* NotifyContactInfoChange.swift */,
			);
			path = Model;
			sourceTree = "<group>";
		};
		08E3AB862B43BB620083012B = {
			isa = PBXGroup;
			children = (
				08E3AB912B43BB620083012B /* ios-contact-manager-ui */,
				08E3AB902B43BB620083012B /* Products */,
			);
			sourceTree = "<group>";
		};
		08E3AB902B43BB620083012B /* Products */ = {
			isa = PBXGroup;
			children = (
				08E3AB8F2B43BB620083012B /* ios-contact-manager-ui.app */,
			);
			name = Products;
			sourceTree = "<group>";
		};
		08E3AB912B43BB620083012B /* ios-contact-manager-ui */ = {
			isa = PBXGroup;
			children = (
				08D5664F2B43E8AE00E75000 /* Model */,
				08D5664E2B43E8A200E75000 /* View */,
				08D5664D2B43E89000E75000 /* ViewController */,
				08D5664C2B43E87600E75000 /* App */,
				08E3AB9B2B43BB650083012B /* Assets.xcassets */,
				08E3ABA02B43BB650083012B /* Info.plist */,
			);
			path = "ios-contact-manager-ui";
			sourceTree = "<group>";
		};
/* End PBXGroup section */

/* Begin PBXNativeTarget section */
		08E3AB8E2B43BB620083012B /* ios-contact-manager-ui */ = {
			isa = PBXNativeTarget;
			buildConfigurationList = 08E3ABA32B43BB650083012B /* Build configuration list for PBXNativeTarget "ios-contact-manager-ui" */;
			buildPhases = (
				08E3AB8B2B43BB620083012B /* Sources */,
				08E3AB8C2B43BB620083012B /* Frameworks */,
				08E3AB8D2B43BB620083012B /* Resources */,
			);
			buildRules = (
			);
			dependencies = (
			);
			name = "ios-contact-manager-ui";
			productName = "ios-contact-manager-ui";
			productReference = 08E3AB8F2B43BB620083012B /* ios-contact-manager-ui.app */;
			productType = "com.apple.product-type.application";
		};
/* End PBXNativeTarget section */

/* Begin PBXProject section */
		08E3AB872B43BB620083012B /* Project object */ = {
			isa = PBXProject;
			attributes = {
				BuildIndependentTargetsInParallel = 1;
				LastSwiftUpdateCheck = 1510;
				LastUpgradeCheck = 1510;
				TargetAttributes = {
					08E3AB8E2B43BB620083012B = {
						CreatedOnToolsVersion = 15.1;
					};
				};
			};
			buildConfigurationList = 08E3AB8A2B43BB620083012B /* Build configuration list for PBXProject "ios-contact-manager-ui" */;
			compatibilityVersion = "Xcode 14.0";
			developmentRegion = en;
			hasScannedForEncodings = 0;
			knownRegions = (
				en,
				Base,
			);
			mainGroup = 08E3AB862B43BB620083012B;
			productRefGroup = 08E3AB902B43BB620083012B /* Products */;
			projectDirPath = "";
			projectRoot = "";
			targets = (
				08E3AB8E2B43BB620083012B /* ios-contact-manager-ui */,
			);
		};
/* End PBXProject section */

/* Begin PBXResourcesBuildPhase section */
		08E3AB8D2B43BB620083012B /* Resources */ = {
			isa = PBXResourcesBuildPhase;
			buildActionMask = 2147483647;
			files = (
				08E3AB9F2B43BB650083012B /* LaunchScreen.storyboard in Resources */,
				89566E532B43FAF70085E2CF /* PhoneBookTableViewCell.xib in Resources */,
				89D579A22B4E290500FC31A1 /* RegisterViewController.storyboard in Resources */,
				08E3AB9C2B43BB650083012B /* Assets.xcassets in Resources */,
				89566E552B4516F20085E2CF /* HeaderView.xib in Resources */,
			);
			runOnlyForDeploymentPostprocessing = 0;
		};
/* End PBXResourcesBuildPhase section */

/* Begin PBXSourcesBuildPhase section */
		08E3AB8B2B43BB620083012B /* Sources */ = {
			isa = PBXSourcesBuildPhase;
			buildActionMask = 2147483647;
			files = (
				89D579A42B4E291700FC31A1 /* RegisterViewController.swift in Sources */,
				08D566512B43E8E900E75000 /* User.swift in Sources */,
				083425132B51260500EE3C40 /* NotifyContactInfoChange.swift in Sources */,
				89566E522B43FAF70085E2CF /* PhoneBookTableViewCell.swift in Sources */,
				08E3AB972B43BB620083012B /* PhoneBookViewController.swift in Sources */,
				89566E572B4519000085E2CF /* HeaderView.swift in Sources */,
				08D566552B43ED3900E75000 /* PhoneBook.swift in Sources */,
				08E3AB932B43BB620083012B /* AppDelegate.swift in Sources */,
				083CC5022B55245E00619E89 /* ViewController+Extension.swift in Sources */,
				086C4A1A2B56467C00D1276E /* MainCoordinator.swift in Sources */,
				085616962B58BCF90027C597 /* PhoneBookCoordinator.swift in Sources */,
				08E3AB952B43BB620083012B /* SceneDelegate.swift in Sources */,
			);
			runOnlyForDeploymentPostprocessing = 0;
		};
/* End PBXSourcesBuildPhase section */

/* Begin PBXVariantGroup section */
		08E3AB9D2B43BB650083012B /* LaunchScreen.storyboard */ = {
			isa = PBXVariantGroup;
			children = (
				08E3AB9E2B43BB650083012B /* Base */,
			);
			name = LaunchScreen.storyboard;
			sourceTree = "<group>";
		};
/* End PBXVariantGroup section */

/* Begin XCBuildConfiguration section */
		08E3ABA12B43BB650083012B /* Debug */ = {
			isa = XCBuildConfiguration;
			buildSettings = {
				ALWAYS_SEARCH_USER_PATHS = NO;
				ASSETCATALOG_COMPILER_GENERATE_SWIFT_ASSET_SYMBOL_EXTENSIONS = YES;
				CLANG_ANALYZER_NONNULL = YES;
				CLANG_ANALYZER_NUMBER_OBJECT_CONVERSION = YES_AGGRESSIVE;
				CLANG_CXX_LANGUAGE_STANDARD = "gnu++20";
				CLANG_ENABLE_MODULES = YES;
				CLANG_ENABLE_OBJC_ARC = YES;
				CLANG_ENABLE_OBJC_WEAK = YES;
				CLANG_WARN_BLOCK_CAPTURE_AUTORELEASING = YES;
				CLANG_WARN_BOOL_CONVERSION = YES;
				CLANG_WARN_COMMA = YES;
				CLANG_WARN_CONSTANT_CONVERSION = YES;
				CLANG_WARN_DEPRECATED_OBJC_IMPLEMENTATIONS = YES;
				CLANG_WARN_DIRECT_OBJC_ISA_USAGE = YES_ERROR;
				CLANG_WARN_DOCUMENTATION_COMMENTS = YES;
				CLANG_WARN_EMPTY_BODY = YES;
				CLANG_WARN_ENUM_CONVERSION = YES;
				CLANG_WARN_INFINITE_RECURSION = YES;
				CLANG_WARN_INT_CONVERSION = YES;
				CLANG_WARN_NON_LITERAL_NULL_CONVERSION = YES;
				CLANG_WARN_OBJC_IMPLICIT_RETAIN_SELF = YES;
				CLANG_WARN_OBJC_LITERAL_CONVERSION = YES;
				CLANG_WARN_OBJC_ROOT_CLASS = YES_ERROR;
				CLANG_WARN_QUOTED_INCLUDE_IN_FRAMEWORK_HEADER = YES;
				CLANG_WARN_RANGE_LOOP_ANALYSIS = YES;
				CLANG_WARN_STRICT_PROTOTYPES = YES;
				CLANG_WARN_SUSPICIOUS_MOVE = YES;
				CLANG_WARN_UNGUARDED_AVAILABILITY = YES_AGGRESSIVE;
				CLANG_WARN_UNREACHABLE_CODE = YES;
				CLANG_WARN__DUPLICATE_METHOD_MATCH = YES;
				COPY_PHASE_STRIP = NO;
				DEBUG_INFORMATION_FORMAT = dwarf;
				ENABLE_STRICT_OBJC_MSGSEND = YES;
				ENABLE_TESTABILITY = YES;
				ENABLE_USER_SCRIPT_SANDBOXING = YES;
				GCC_C_LANGUAGE_STANDARD = gnu17;
				GCC_DYNAMIC_NO_PIC = NO;
				GCC_NO_COMMON_BLOCKS = YES;
				GCC_OPTIMIZATION_LEVEL = 0;
				GCC_PREPROCESSOR_DEFINITIONS = (
					"DEBUG=1",
					"$(inherited)",
				);
				GCC_WARN_64_TO_32_BIT_CONVERSION = YES;
				GCC_WARN_ABOUT_RETURN_TYPE = YES_ERROR;
				GCC_WARN_UNDECLARED_SELECTOR = YES;
				GCC_WARN_UNINITIALIZED_AUTOS = YES_AGGRESSIVE;
				GCC_WARN_UNUSED_FUNCTION = YES;
				GCC_WARN_UNUSED_VARIABLE = YES;
				IPHONEOS_DEPLOYMENT_TARGET = 17.0;
				LOCALIZATION_PREFERS_STRING_CATALOGS = YES;
				MTL_ENABLE_DEBUG_INFO = INCLUDE_SOURCE;
				MTL_FAST_MATH = YES;
				ONLY_ACTIVE_ARCH = YES;
				SDKROOT = iphoneos;
				SWIFT_ACTIVE_COMPILATION_CONDITIONS = "DEBUG $(inherited)";
				SWIFT_OPTIMIZATION_LEVEL = "-Onone";
			};
			name = Debug;
		};
		08E3ABA22B43BB650083012B /* Release */ = {
			isa = XCBuildConfiguration;
			buildSettings = {
				ALWAYS_SEARCH_USER_PATHS = NO;
				ASSETCATALOG_COMPILER_GENERATE_SWIFT_ASSET_SYMBOL_EXTENSIONS = YES;
				CLANG_ANALYZER_NONNULL = YES;
				CLANG_ANALYZER_NUMBER_OBJECT_CONVERSION = YES_AGGRESSIVE;
				CLANG_CXX_LANGUAGE_STANDARD = "gnu++20";
				CLANG_ENABLE_MODULES = YES;
				CLANG_ENABLE_OBJC_ARC = YES;
				CLANG_ENABLE_OBJC_WEAK = YES;
				CLANG_WARN_BLOCK_CAPTURE_AUTORELEASING = YES;
				CLANG_WARN_BOOL_CONVERSION = YES;
				CLANG_WARN_COMMA = YES;
				CLANG_WARN_CONSTANT_CONVERSION = YES;
				CLANG_WARN_DEPRECATED_OBJC_IMPLEMENTATIONS = YES;
				CLANG_WARN_DIRECT_OBJC_ISA_USAGE = YES_ERROR;
				CLANG_WARN_DOCUMENTATION_COMMENTS = YES;
				CLANG_WARN_EMPTY_BODY = YES;
				CLANG_WARN_ENUM_CONVERSION = YES;
				CLANG_WARN_INFINITE_RECURSION = YES;
				CLANG_WARN_INT_CONVERSION = YES;
				CLANG_WARN_NON_LITERAL_NULL_CONVERSION = YES;
				CLANG_WARN_OBJC_IMPLICIT_RETAIN_SELF = YES;
				CLANG_WARN_OBJC_LITERAL_CONVERSION = YES;
				CLANG_WARN_OBJC_ROOT_CLASS = YES_ERROR;
				CLANG_WARN_QUOTED_INCLUDE_IN_FRAMEWORK_HEADER = YES;
				CLANG_WARN_RANGE_LOOP_ANALYSIS = YES;
				CLANG_WARN_STRICT_PROTOTYPES = YES;
				CLANG_WARN_SUSPICIOUS_MOVE = YES;
				CLANG_WARN_UNGUARDED_AVAILABILITY = YES_AGGRESSIVE;
				CLANG_WARN_UNREACHABLE_CODE = YES;
				CLANG_WARN__DUPLICATE_METHOD_MATCH = YES;
				COPY_PHASE_STRIP = NO;
				DEBUG_INFORMATION_FORMAT = "dwarf-with-dsym";
				ENABLE_NS_ASSERTIONS = NO;
				ENABLE_STRICT_OBJC_MSGSEND = YES;
				ENABLE_USER_SCRIPT_SANDBOXING = YES;
				GCC_C_LANGUAGE_STANDARD = gnu17;
				GCC_NO_COMMON_BLOCKS = YES;
				GCC_WARN_64_TO_32_BIT_CONVERSION = YES;
				GCC_WARN_ABOUT_RETURN_TYPE = YES_ERROR;
				GCC_WARN_UNDECLARED_SELECTOR = YES;
				GCC_WARN_UNINITIALIZED_AUTOS = YES_AGGRESSIVE;
				GCC_WARN_UNUSED_FUNCTION = YES;
				GCC_WARN_UNUSED_VARIABLE = YES;
				IPHONEOS_DEPLOYMENT_TARGET = 17.0;
				LOCALIZATION_PREFERS_STRING_CATALOGS = YES;
				MTL_ENABLE_DEBUG_INFO = NO;
				MTL_FAST_MATH = YES;
				SDKROOT = iphoneos;
				SWIFT_COMPILATION_MODE = wholemodule;
				VALIDATE_PRODUCT = YES;
			};
			name = Release;
		};
		08E3ABA42B43BB650083012B /* Debug */ = {
			isa = XCBuildConfiguration;
			buildSettings = {
				ASSETCATALOG_COMPILER_APPICON_NAME = AppIcon;
				ASSETCATALOG_COMPILER_GLOBAL_ACCENT_COLOR_NAME = AccentColor;
				CODE_SIGN_STYLE = Automatic;
				CURRENT_PROJECT_VERSION = 1;
				DEVELOPMENT_TEAM = WZFUFHJN8D;
				GENERATE_INFOPLIST_FILE = YES;
				INFOPLIST_FILE = "ios-contact-manager-ui/Info.plist";
				INFOPLIST_KEY_UIApplicationSupportsIndirectInputEvents = YES;
				INFOPLIST_KEY_UILaunchStoryboardName = LaunchScreen;
				INFOPLIST_KEY_UISupportedInterfaceOrientations_iPad = "UIInterfaceOrientationPortrait UIInterfaceOrientationPortraitUpsideDown UIInterfaceOrientationLandscapeLeft UIInterfaceOrientationLandscapeRight";
				INFOPLIST_KEY_UISupportedInterfaceOrientations_iPhone = "UIInterfaceOrientationPortrait UIInterfaceOrientationLandscapeLeft UIInterfaceOrientationLandscapeRight";
				LD_RUNPATH_SEARCH_PATHS = (
					"$(inherited)",
					"@executable_path/Frameworks",
				);
				MARKETING_VERSION = 1.0;
				PRODUCT_BUNDLE_IDENTIFIER = "JongHyuckJeon.ios-contact-manager-ui";
				PRODUCT_NAME = "$(TARGET_NAME)";
				SWIFT_EMIT_LOC_STRINGS = YES;
				SWIFT_VERSION = 5.0;
				TARGETED_DEVICE_FAMILY = "1,2";
			};
			name = Debug;
		};
		08E3ABA52B43BB650083012B /* Release */ = {
			isa = XCBuildConfiguration;
			buildSettings = {
				ASSETCATALOG_COMPILER_APPICON_NAME = AppIcon;
				ASSETCATALOG_COMPILER_GLOBAL_ACCENT_COLOR_NAME = AccentColor;
				CODE_SIGN_STYLE = Automatic;
				CURRENT_PROJECT_VERSION = 1;
				DEVELOPMENT_TEAM = WZFUFHJN8D;
				GENERATE_INFOPLIST_FILE = YES;
				INFOPLIST_FILE = "ios-contact-manager-ui/Info.plist";
				INFOPLIST_KEY_UIApplicationSupportsIndirectInputEvents = YES;
				INFOPLIST_KEY_UILaunchStoryboardName = LaunchScreen;
				INFOPLIST_KEY_UISupportedInterfaceOrientations_iPad = "UIInterfaceOrientationPortrait UIInterfaceOrientationPortraitUpsideDown UIInterfaceOrientationLandscapeLeft UIInterfaceOrientationLandscapeRight";
				INFOPLIST_KEY_UISupportedInterfaceOrientations_iPhone = "UIInterfaceOrientationPortrait UIInterfaceOrientationLandscapeLeft UIInterfaceOrientationLandscapeRight";
				LD_RUNPATH_SEARCH_PATHS = (
					"$(inherited)",
					"@executable_path/Frameworks",
				);
				MARKETING_VERSION = 1.0;
				PRODUCT_BUNDLE_IDENTIFIER = "JongHyuckJeon.ios-contact-manager-ui";
				PRODUCT_NAME = "$(TARGET_NAME)";
				SWIFT_EMIT_LOC_STRINGS = YES;
				SWIFT_VERSION = 5.0;
				TARGETED_DEVICE_FAMILY = "1,2";
			};
			name = Release;
		};
/* End XCBuildConfiguration section */

/* Begin XCConfigurationList section */
		08E3AB8A2B43BB620083012B /* Build configuration list for PBXProject "ios-contact-manager-ui" */ = {
			isa = XCConfigurationList;
			buildConfigurations = (
				08E3ABA12B43BB650083012B /* Debug */,
				08E3ABA22B43BB650083012B /* Release */,
			);
			defaultConfigurationIsVisible = 0;
			defaultConfigurationName = Release;
		};
		08E3ABA32B43BB650083012B /* Build configuration list for PBXNativeTarget "ios-contact-manager-ui" */ = {
			isa = XCConfigurationList;
			buildConfigurations = (
				08E3ABA42B43BB650083012B /* Debug */,
				08E3ABA52B43BB650083012B /* Release */,
			);
			defaultConfigurationIsVisible = 0;
			defaultConfigurationName = Release;
		};
/* End XCConfigurationList section */
	};
	rootObject = 08E3AB872B43BB620083012B /* Project object */;
}
