// !$*UTF8*$!
{
	archiveVersion = 1;
	classes = {
	};
	objectVersion = 56;
	objects = {

/* Begin PBXBuildFile section */
		CE5EDCF82B453326001E0218 /* AppDelegate.swift in Sources */ = {isa = PBXBuildFile; fileRef = CE5EDCF72B453326001E0218 /* AppDelegate.swift */; };
		CE5EDCFA2B453326001E0218 /* SceneDelegate.swift in Sources */ = {isa = PBXBuildFile; fileRef = CE5EDCF92B453326001E0218 /* SceneDelegate.swift */; };
		CE5EDCFC2B453326001E0218 /* ContactListViewController.swift in Sources */ = {isa = PBXBuildFile; fileRef = CE5EDCFB2B453326001E0218 /* ContactListViewController.swift */; };
		CE5EDCFF2B453326001E0218 /* Main.storyboard in Resources */ = {isa = PBXBuildFile; fileRef = CE5EDCFD2B453326001E0218 /* Main.storyboard */; };
		CE5EDD012B453328001E0218 /* Assets.xcassets in Resources */ = {isa = PBXBuildFile; fileRef = CE5EDD002B453328001E0218 /* Assets.xcassets */; };
		CE5EDD042B453328001E0218 /* LaunchScreen.storyboard in Resources */ = {isa = PBXBuildFile; fileRef = CE5EDD022B453328001E0218 /* LaunchScreen.storyboard */; };
		CEB8D4F52B49250E0067B5DB /* Person.swift in Sources */ = {isa = PBXBuildFile; fileRef = CEB8D4F42B49250E0067B5DB /* Person.swift */; };
		CEB8D4F72B4927380067B5DB /* ContactManager.swift in Sources */ = {isa = PBXBuildFile; fileRef = CEB8D4F62B4927380067B5DB /* ContactManager.swift */; };
		CEC709D42B50106F00E9B5F1 /* DetailViewController.swift in Sources */ = {isa = PBXBuildFile; fileRef = CEC709D32B50106F00E9B5F1 /* DetailViewController.swift */; };
/* End PBXBuildFile section */

/* Begin PBXFileReference section */
		CE5EDCF42B453326001E0218 /* ios-contact-manager-ui.app */ = {isa = PBXFileReference; explicitFileType = wrapper.application; includeInIndex = 0; path = "ios-contact-manager-ui.app"; sourceTree = BUILT_PRODUCTS_DIR; };
		CE5EDCF72B453326001E0218 /* AppDelegate.swift */ = {isa = PBXFileReference; lastKnownFileType = sourcecode.swift; path = AppDelegate.swift; sourceTree = "<group>"; };
		CE5EDCF92B453326001E0218 /* SceneDelegate.swift */ = {isa = PBXFileReference; lastKnownFileType = sourcecode.swift; path = SceneDelegate.swift; sourceTree = "<group>"; };
		CE5EDCFB2B453326001E0218 /* ContactListViewController.swift */ = {isa = PBXFileReference; lastKnownFileType = sourcecode.swift; path = ContactListViewController.swift; sourceTree = "<group>"; };
		CE5EDCFE2B453326001E0218 /* Base */ = {isa = PBXFileReference; lastKnownFileType = file.storyboard; name = Base; path = Base.lproj/Main.storyboard; sourceTree = "<group>"; };
		CE5EDD002B453328001E0218 /* Assets.xcassets */ = {isa = PBXFileReference; lastKnownFileType = folder.assetcatalog; path = Assets.xcassets; sourceTree = "<group>"; };
		CE5EDD032B453328001E0218 /* Base */ = {isa = PBXFileReference; lastKnownFileType = file.storyboard; name = Base; path = Base.lproj/LaunchScreen.storyboard; sourceTree = "<group>"; };
		CE5EDD052B453328001E0218 /* Info.plist */ = {isa = PBXFileReference; lastKnownFileType = text.plist.xml; path = Info.plist; sourceTree = "<group>"; };
		CEB8D4F42B49250E0067B5DB /* Person.swift */ = {isa = PBXFileReference; lastKnownFileType = sourcecode.swift; path = Person.swift; sourceTree = "<group>"; };
		CEB8D4F62B4927380067B5DB /* ContactManager.swift */ = {isa = PBXFileReference; lastKnownFileType = sourcecode.swift; path = ContactManager.swift; sourceTree = "<group>"; };
		CEC709D32B50106F00E9B5F1 /* DetailViewController.swift */ = {isa = PBXFileReference; lastKnownFileType = sourcecode.swift; path = DetailViewController.swift; sourceTree = "<group>"; };
/* End PBXFileReference section */

/* Begin PBXFrameworksBuildPhase section */
		CE5EDCF12B453326001E0218 /* Frameworks */ = {
			isa = PBXFrameworksBuildPhase;
			buildActionMask = 2147483647;
			files = (
			);
			runOnlyForDeploymentPostprocessing = 0;
		};
/* End PBXFrameworksBuildPhase section */

/* Begin PBXGroup section */
		CE5311F22B4AAF2C007F6D68 /* Model */ = {
			isa = PBXGroup;
			children = (
				CEB8D4F42B49250E0067B5DB /* Person.swift */,
				CEB8D4F62B4927380067B5DB /* ContactManager.swift */,
			);
			path = Model;
			sourceTree = "<group>";
		};
		CE5311F32B4AAFB3007F6D68 /* View */ = {
			isa = PBXGroup;
			children = (
				CE5EDCFD2B453326001E0218 /* Main.storyboard */,
				CE5EDD022B453328001E0218 /* LaunchScreen.storyboard */,
			);
			path = View;
			sourceTree = "<group>";
		};
		CE5311F42B4AB022007F6D68 /* Resource */ = {
			isa = PBXGroup;
			children = (
				CE5EDD002B453328001E0218 /* Assets.xcassets */,
			);
			path = Resource;
			sourceTree = "<group>";
		};
		CE5311F52B4AB047007F6D68 /* Controller */ = {
			isa = PBXGroup;
			children = (
				CE5EDCFB2B453326001E0218 /* ContactListViewController.swift */,
				CEC709D32B50106F00E9B5F1 /* DetailViewController.swift */,
			);
			path = Controller;
			sourceTree = "<group>";
		};
		CE5EDCEB2B453325001E0218 = {
			isa = PBXGroup;
			children = (
				CE5EDCF62B453326001E0218 /* ios-contact-manager-ui */,
				CE5EDCF52B453326001E0218 /* Products */,
			);
			sourceTree = "<group>";
		};
		CE5EDCF52B453326001E0218 /* Products */ = {
			isa = PBXGroup;
			children = (
				CE5EDCF42B453326001E0218 /* ios-contact-manager-ui.app */,
			);
			name = Products;
			sourceTree = "<group>";
		};
		CE5EDCF62B453326001E0218 /* ios-contact-manager-ui */ = {
			isa = PBXGroup;
			children = (
				CE5EDCF72B453326001E0218 /* AppDelegate.swift */,
				CE5EDCF92B453326001E0218 /* SceneDelegate.swift */,
				CE5311F22B4AAF2C007F6D68 /* Model */,
				CE5311F32B4AAFB3007F6D68 /* View */,
				CE5311F52B4AB047007F6D68 /* Controller */,
				CE5311F42B4AB022007F6D68 /* Resource */,
				CE5EDD052B453328001E0218 /* Info.plist */,
			);
			path = "ios-contact-manager-ui";
			sourceTree = "<group>";
		};
/* End PBXGroup section */

/* Begin PBXNativeTarget section */
		CE5EDCF32B453326001E0218 /* ios-contact-manager-ui */ = {
			isa = PBXNativeTarget;
			buildConfigurationList = CE5EDD082B453328001E0218 /* Build configuration list for PBXNativeTarget "ios-contact-manager-ui" */;
			buildPhases = (
				CE5EDCF02B453326001E0218 /* Sources */,
				CE5EDCF12B453326001E0218 /* Frameworks */,
				CE5EDCF22B453326001E0218 /* Resources */,
			);
			buildRules = (
			);
			dependencies = (
			);
			name = "ios-contact-manager-ui";
			productName = "ios-contact-manager-ui";
			productReference = CE5EDCF42B453326001E0218 /* ios-contact-manager-ui.app */;
			productType = "com.apple.product-type.application";
		};
/* End PBXNativeTarget section */

/* Begin PBXProject section */
		CE5EDCEC2B453326001E0218 /* Project object */ = {
			isa = PBXProject;
			attributes = {
				BuildIndependentTargetsInParallel = 1;
				LastSwiftUpdateCheck = 1510;
				LastUpgradeCheck = 1510;
				TargetAttributes = {
					CE5EDCF32B453326001E0218 = {
						CreatedOnToolsVersion = 15.1;
					};
				};
			};
			buildConfigurationList = CE5EDCEF2B453326001E0218 /* Build configuration list for PBXProject "ios-contact-manager-ui" */;
			compatibilityVersion = "Xcode 14.0";
			developmentRegion = en;
			hasScannedForEncodings = 0;
			knownRegions = (
				en,
				Base,
			);
			mainGroup = CE5EDCEB2B453325001E0218;
			productRefGroup = CE5EDCF52B453326001E0218 /* Products */;
			projectDirPath = "";
			projectRoot = "";
			targets = (
				CE5EDCF32B453326001E0218 /* ios-contact-manager-ui */,
			);
		};
/* End PBXProject section */

/* Begin PBXResourcesBuildPhase section */
		CE5EDCF22B453326001E0218 /* Resources */ = {
			isa = PBXResourcesBuildPhase;
			buildActionMask = 2147483647;
			files = (
				CE5EDD042B453328001E0218 /* LaunchScreen.storyboard in Resources */,
				CE5EDD012B453328001E0218 /* Assets.xcassets in Resources */,
				CE5EDCFF2B453326001E0218 /* Main.storyboard in Resources */,
			);
			runOnlyForDeploymentPostprocessing = 0;
		};
/* End PBXResourcesBuildPhase section */

/* Begin PBXSourcesBuildPhase section */
		CE5EDCF02B453326001E0218 /* Sources */ = {
			isa = PBXSourcesBuildPhase;
			buildActionMask = 2147483647;
			files = (
				CEB8D4F72B4927380067B5DB /* ContactManager.swift in Sources */,
				CEB8D4F52B49250E0067B5DB /* Person.swift in Sources */,
				CE5EDCFC2B453326001E0218 /* ContactListViewController.swift in Sources */,
				CEC709D42B50106F00E9B5F1 /* DetailViewController.swift in Sources */,
				CE5EDCF82B453326001E0218 /* AppDelegate.swift in Sources */,
				CE5EDCFA2B453326001E0218 /* SceneDelegate.swift in Sources */,
			);
			runOnlyForDeploymentPostprocessing = 0;
		};
/* End PBXSourcesBuildPhase section */

/* Begin PBXVariantGroup section */
		CE5EDCFD2B453326001E0218 /* Main.storyboard */ = {
			isa = PBXVariantGroup;
			children = (
				CE5EDCFE2B453326001E0218 /* Base */,
			);
			name = Main.storyboard;
			sourceTree = "<group>";
		};
		CE5EDD022B453328001E0218 /* LaunchScreen.storyboard */ = {
			isa = PBXVariantGroup;
			children = (
				CE5EDD032B453328001E0218 /* Base */,
			);
			name = LaunchScreen.storyboard;
			sourceTree = "<group>";
		};
/* End PBXVariantGroup section */

/* Begin XCBuildConfiguration section */
		CE5EDD062B453328001E0218 /* Debug */ = {
			isa = XCBuildConfiguration;
			buildSettings = {
				ALWAYS_SEARCH_USER_PATHS = NO;
				ASSETCATALOG_COMPILER_GENERATE_SWIFT_ASSET_SYMBOL_EXTENSIONS = YES;
				CLANG_ANALYZER_NONNULL = YES;
				CLANG_ANALYZER_NUMBER_OBJECT_CONVERSION = YES_AGGRESSIVE;
				CLANG_CXX_LANGUAGE_STANDARD = "gnu++20";
				CLANG_ENABLE_MODULES = YES;
				CLANG_ENABLE_OBJC_ARC = YES;
				CLANG_ENABLE_OBJC_WEAK = YES;
				CLANG_WARN_BLOCK_CAPTURE_AUTORELEASING = YES;
				CLANG_WARN_BOOL_CONVERSION = YES;
				CLANG_WARN_COMMA = YES;
				CLANG_WARN_CONSTANT_CONVERSION = YES;
				CLANG_WARN_DEPRECATED_OBJC_IMPLEMENTATIONS = YES;
				CLANG_WARN_DIRECT_OBJC_ISA_USAGE = YES_ERROR;
				CLANG_WARN_DOCUMENTATION_COMMENTS = YES;
				CLANG_WARN_EMPTY_BODY = YES;
				CLANG_WARN_ENUM_CONVERSION = YES;
				CLANG_WARN_INFINITE_RECURSION = YES;
				CLANG_WARN_INT_CONVERSION = YES;
				CLANG_WARN_NON_LITERAL_NULL_CONVERSION = YES;
				CLANG_WARN_OBJC_IMPLICIT_RETAIN_SELF = YES;
				CLANG_WARN_OBJC_LITERAL_CONVERSION = YES;
				CLANG_WARN_OBJC_ROOT_CLASS = YES_ERROR;
				CLANG_WARN_QUOTED_INCLUDE_IN_FRAMEWORK_HEADER = YES;
				CLANG_WARN_RANGE_LOOP_ANALYSIS = YES;
				CLANG_WARN_STRICT_PROTOTYPES = YES;
				CLANG_WARN_SUSPICIOUS_MOVE = YES;
				CLANG_WARN_UNGUARDED_AVAILABILITY = YES_AGGRESSIVE;
				CLANG_WARN_UNREACHABLE_CODE = YES;
				CLANG_WARN__DUPLICATE_METHOD_MATCH = YES;
				COPY_PHASE_STRIP = NO;
				DEBUG_INFORMATION_FORMAT = dwarf;
				ENABLE_STRICT_OBJC_MSGSEND = YES;
				ENABLE_TESTABILITY = YES;
				ENABLE_USER_SCRIPT_SANDBOXING = YES;
				GCC_C_LANGUAGE_STANDARD = gnu17;
				GCC_DYNAMIC_NO_PIC = NO;
				GCC_NO_COMMON_BLOCKS = YES;
				GCC_OPTIMIZATION_LEVEL = 0;
				GCC_PREPROCESSOR_DEFINITIONS = (
					"DEBUG=1",
					"$(inherited)",
				);
				GCC_WARN_64_TO_32_BIT_CONVERSION = YES;
				GCC_WARN_ABOUT_RETURN_TYPE = YES_ERROR;
				GCC_WARN_UNDECLARED_SELECTOR = YES;
				GCC_WARN_UNINITIALIZED_AUTOS = YES_AGGRESSIVE;
				GCC_WARN_UNUSED_FUNCTION = YES;
				GCC_WARN_UNUSED_VARIABLE = YES;
				IPHONEOS_DEPLOYMENT_TARGET = 17.2;
				LOCALIZATION_PREFERS_STRING_CATALOGS = YES;
				MTL_ENABLE_DEBUG_INFO = INCLUDE_SOURCE;
				MTL_FAST_MATH = YES;
				ONLY_ACTIVE_ARCH = YES;
				SDKROOT = iphoneos;
				SWIFT_ACTIVE_COMPILATION_CONDITIONS = "DEBUG $(inherited)";
				SWIFT_OPTIMIZATION_LEVEL = "-Onone";
			};
			name = Debug;
		};
		CE5EDD072B453328001E0218 /* Release */ = {
			isa = XCBuildConfiguration;
			buildSettings = {
				ALWAYS_SEARCH_USER_PATHS = NO;
				ASSETCATALOG_COMPILER_GENERATE_SWIFT_ASSET_SYMBOL_EXTENSIONS = YES;
				CLANG_ANALYZER_NONNULL = YES;
				CLANG_ANALYZER_NUMBER_OBJECT_CONVERSION = YES_AGGRESSIVE;
				CLANG_CXX_LANGUAGE_STANDARD = "gnu++20";
				CLANG_ENABLE_MODULES = YES;
				CLANG_ENABLE_OBJC_ARC = YES;
				CLANG_ENABLE_OBJC_WEAK = YES;
				CLANG_WARN_BLOCK_CAPTURE_AUTORELEASING = YES;
				CLANG_WARN_BOOL_CONVERSION = YES;
				CLANG_WARN_COMMA = YES;
				CLANG_WARN_CONSTANT_CONVERSION = YES;
				CLANG_WARN_DEPRECATED_OBJC_IMPLEMENTATIONS = YES;
				CLANG_WARN_DIRECT_OBJC_ISA_USAGE = YES_ERROR;
				CLANG_WARN_DOCUMENTATION_COMMENTS = YES;
				CLANG_WARN_EMPTY_BODY = YES;
				CLANG_WARN_ENUM_CONVERSION = YES;
				CLANG_WARN_INFINITE_RECURSION = YES;
				CLANG_WARN_INT_CONVERSION = YES;
				CLANG_WARN_NON_LITERAL_NULL_CONVERSION = YES;
				CLANG_WARN_OBJC_IMPLICIT_RETAIN_SELF = YES;
				CLANG_WARN_OBJC_LITERAL_CONVERSION = YES;
				CLANG_WARN_OBJC_ROOT_CLASS = YES_ERROR;
				CLANG_WARN_QUOTED_INCLUDE_IN_FRAMEWORK_HEADER = YES;
				CLANG_WARN_RANGE_LOOP_ANALYSIS = YES;
				CLANG_WARN_STRICT_PROTOTYPES = YES;
				CLANG_WARN_SUSPICIOUS_MOVE = YES;
				CLANG_WARN_UNGUARDED_AVAILABILITY = YES_AGGRESSIVE;
				CLANG_WARN_UNREACHABLE_CODE = YES;
				CLANG_WARN__DUPLICATE_METHOD_MATCH = YES;
				COPY_PHASE_STRIP = NO;
				DEBUG_INFORMATION_FORMAT = "dwarf-with-dsym";
				ENABLE_NS_ASSERTIONS = NO;
				ENABLE_STRICT_OBJC_MSGSEND = YES;
				ENABLE_USER_SCRIPT_SANDBOXING = YES;
				GCC_C_LANGUAGE_STANDARD = gnu17;
				GCC_NO_COMMON_BLOCKS = YES;
				GCC_WARN_64_TO_32_BIT_CONVERSION = YES;
				GCC_WARN_ABOUT_RETURN_TYPE = YES_ERROR;
				GCC_WARN_UNDECLARED_SELECTOR = YES;
				GCC_WARN_UNINITIALIZED_AUTOS = YES_AGGRESSIVE;
				GCC_WARN_UNUSED_FUNCTION = YES;
				GCC_WARN_UNUSED_VARIABLE = YES;
				IPHONEOS_DEPLOYMENT_TARGET = 17.2;
				LOCALIZATION_PREFERS_STRING_CATALOGS = YES;
				MTL_ENABLE_DEBUG_INFO = NO;
				MTL_FAST_MATH = YES;
				SDKROOT = iphoneos;
				SWIFT_COMPILATION_MODE = wholemodule;
				VALIDATE_PRODUCT = YES;
			};
			name = Release;
		};
		CE5EDD092B453328001E0218 /* Debug */ = {
			isa = XCBuildConfiguration;
			buildSettings = {
				ASSETCATALOG_COMPILER_APPICON_NAME = AppIcon;
				ASSETCATALOG_COMPILER_GLOBAL_ACCENT_COLOR_NAME = AccentColor;
				CODE_SIGN_STYLE = Automatic;
				CURRENT_PROJECT_VERSION = 1;
				GENERATE_INFOPLIST_FILE = YES;
				INFOPLIST_FILE = "ios-contact-manager-ui/Info.plist";
				INFOPLIST_KEY_UIApplicationSupportsIndirectInputEvents = YES;
				INFOPLIST_KEY_UILaunchStoryboardName = LaunchScreen;
				INFOPLIST_KEY_UIMainStoryboardFile = Main;
				INFOPLIST_KEY_UISupportedInterfaceOrientations_iPad = "UIInterfaceOrientationPortrait UIInterfaceOrientationPortraitUpsideDown UIInterfaceOrientationLandscapeLeft UIInterfaceOrientationLandscapeRight";
				INFOPLIST_KEY_UISupportedInterfaceOrientations_iPhone = "UIInterfaceOrientationPortrait UIInterfaceOrientationLandscapeLeft UIInterfaceOrientationLandscapeRight";
				IPHONEOS_DEPLOYMENT_TARGET = 15.0;
				LD_RUNPATH_SEARCH_PATHS = (
					"$(inherited)",
					"@executable_path/Frameworks",
				);
				MARKETING_VERSION = 1.0;
				PRODUCT_BUNDLE_IDENTIFIER = "NERO.ios-contact-manager-ui";
				PRODUCT_NAME = "$(TARGET_NAME)";
				SUPPORTED_PLATFORMS = "iphoneos iphonesimulator";
				SUPPORTS_MACCATALYST = NO;
				SUPPORTS_MAC_DESIGNED_FOR_IPHONE_IPAD = NO;
				SWIFT_EMIT_LOC_STRINGS = YES;
				SWIFT_VERSION = 5.0;
				TARGETED_DEVICE_FAMILY = "1,2";
			};
			name = Debug;
		};
		CE5EDD0A2B453328001E0218 /* Release */ = {
			isa = XCBuildConfiguration;
			buildSettings = {
				ASSETCATALOG_COMPILER_APPICON_NAME = AppIcon;
				ASSETCATALOG_COMPILER_GLOBAL_ACCENT_COLOR_NAME = AccentColor;
				CODE_SIGN_STYLE = Automatic;
				CURRENT_PROJECT_VERSION = 1;
				GENERATE_INFOPLIST_FILE = YES;
				INFOPLIST_FILE = "ios-contact-manager-ui/Info.plist";
				INFOPLIST_KEY_UIApplicationSupportsIndirectInputEvents = YES;
				INFOPLIST_KEY_UILaunchStoryboardName = LaunchScreen;
				INFOPLIST_KEY_UIMainStoryboardFile = Main;
				INFOPLIST_KEY_UISupportedInterfaceOrientations_iPad = "UIInterfaceOrientationPortrait UIInterfaceOrientationPortraitUpsideDown UIInterfaceOrientationLandscapeLeft UIInterfaceOrientationLandscapeRight";
				INFOPLIST_KEY_UISupportedInterfaceOrientations_iPhone = "UIInterfaceOrientationPortrait UIInterfaceOrientationLandscapeLeft UIInterfaceOrientationLandscapeRight";
				IPHONEOS_DEPLOYMENT_TARGET = 15.0;
				LD_RUNPATH_SEARCH_PATHS = (
					"$(inherited)",
					"@executable_path/Frameworks",
				);
				MARKETING_VERSION = 1.0;
				PRODUCT_BUNDLE_IDENTIFIER = "NERO.ios-contact-manager-ui";
				PRODUCT_NAME = "$(TARGET_NAME)";
				SUPPORTED_PLATFORMS = "iphoneos iphonesimulator";
				SUPPORTS_MACCATALYST = NO;
				SUPPORTS_MAC_DESIGNED_FOR_IPHONE_IPAD = NO;
				SWIFT_EMIT_LOC_STRINGS = YES;
				SWIFT_VERSION = 5.0;
				TARGETED_DEVICE_FAMILY = "1,2";
			};
			name = Release;
		};
/* End XCBuildConfiguration section */

/* Begin XCConfigurationList section */
		CE5EDCEF2B453326001E0218 /* Build configuration list for PBXProject "ios-contact-manager-ui" */ = {
			isa = XCConfigurationList;
			buildConfigurations = (
				CE5EDD062B453328001E0218 /* Debug */,
				CE5EDD072B453328001E0218 /* Release */,
			);
			defaultConfigurationIsVisible = 0;
			defaultConfigurationName = Release;
		};
		CE5EDD082B453328001E0218 /* Build configuration list for PBXNativeTarget "ios-contact-manager-ui" */ = {
			isa = XCConfigurationList;
			buildConfigurations = (
				CE5EDD092B453328001E0218 /* Debug */,
				CE5EDD0A2B453328001E0218 /* Release */,
			);
			defaultConfigurationIsVisible = 0;
			defaultConfigurationName = Release;
		};
/* End XCConfigurationList section */
	};
	rootObject = CE5EDCEC2B453326001E0218 /* Project object */;
}
